# This file was autogenerated by Stack.
# You should not edit this file by hand.
# For more information, please see the documentation at:
#   https://docs.haskellstack.org/en/stable/lock_files

packages:
- completed:
    subdir: wai-middleware-prometheus
    name: wai-middleware-prometheus
    version: 1.0.0
    git: https://github.com/fimad/prometheus-haskell
    pantry-tree:
      size: 359
      sha256: 72560f0d8c7f57db769e77d491e8b10255938631847981de52e94781b905a27a
    commit: 2e3282e5fb27ba8d989c271a0a989823fad7ec43
  original:
    subdir: wai-middleware-prometheus
    git: https://github.com/fimad/prometheus-haskell
    commit: 2e3282e5fb27ba8d989c271a0a989823fad7ec43
- completed:
    name: saml2-web-sso
    version: '0.18'
    git: https://github.com/wireapp/saml2-web-sso
    pantry-tree:
      size: 4887
      sha256: 9d6d175cc7bbdb57558f25557e4d0d698c4aecc250f6ca03296a3d94671bf657
    commit: b761d352de12a411927a91729a5c27932d69ba9e
  original:
    git: https://github.com/wireapp/saml2-web-sso
    commit: b761d352de12a411927a91729a5c27932d69ba9e
- completed:
    name: collectd
    version: 0.0.0.2
    git: https://github.com/kim/hs-collectd
    pantry-tree:
      size: 574
      sha256: 708fdfbd4ba09171072239e12fda5647adf60f99a70cd259685db74c6a25820f
    commit: 885da222be2375f78c7be36127620ed772b677c9
  original:
    git: https://github.com/kim/hs-collectd
    commit: 885da222be2375f78c7be36127620ed772b677c9
- completed:
    name: snappy-framing
    version: 0.1.1
    git: https://github.com/kim/snappy-framing
    pantry-tree:
      size: 651
      sha256: 91a2ac7e0dd161fd82eee3007a6b488e53ad14a5d4e640ffdeba23f4741fbf64
    commit: d99f702c0086729efd6848dea8a01e5266c3a61c
  original:
    git: https://github.com/kim/snappy-framing
    commit: d99f702c0086729efd6848dea8a01e5266c3a61c
- completed:
    name: wai-routing
    version: 0.13.0
    git: https://gitlab.com/twittner/wai-routing
    pantry-tree:
      size: 1020
      sha256: a1aa6c9ff369ee27cfa9d95f20f7d4fa0f239ad80ed45fb6d45ed0c6543eac30
    commit: 7e996a93fec5901767f845a50316b3c18e51a61d
  original:
    git: https://gitlab.com/twittner/wai-routing
    commit: 7e996a93fec5901767f845a50316b3c18e51a61d
- completed:
    name: multihash
    version: 0.1.6
    git: https://github.com/wireapp/haskell-multihash.git
    pantry-tree:
      size: 602
      sha256: 8ad8afc9e9bce4830304eff1e0c1c96fc878b1aad9c55896b4cfc256dba0688c
    commit: 300a6f46384bfca33e545c8bab52ef3717452d12
  original:
    git: https://github.com/wireapp/haskell-multihash.git
    commit: 300a6f46384bfca33e545c8bab52ef3717452d12
- completed:
    name: hspec-wai
    version: 0.9.2
    git: https://github.com/wireapp/hspec-wai
    pantry-tree:
      size: 1829
      sha256: 1da15bc431ded925782e30d299556f7c33ab89fa74e5a519061081616fb9f4d7
    commit: 0a5142cd3ba48116ff059c041348b817fb7bdb25
  original:
    git: https://github.com/wireapp/hspec-wai
    commit: 0a5142cd3ba48116ff059c041348b817fb7bdb25
- completed:
    name: bloodhound
    version: 0.17.0.0
    git: https://github.com/wireapp/bloodhound
    pantry-tree:
      size: 4587
      sha256: fc77d3295fba77f96f80bf10860afac1855d393020f3d04d71bf530afa17c143
    commit: 92de9aa632d590f288a353d03591c38ba72b3cb3
  original:
    git: https://github.com/wireapp/bloodhound
    commit: 92de9aa632d590f288a353d03591c38ba72b3cb3
- completed:
    hackage: deriving-aeson-0.2.5@sha256:a1efa4ab7ff94f73e6d2733a9d4414cb4c3526761295722cff28027b5b3da1a4,1277
    pantry-tree:
      size: 441
      sha256: 8fa77245ed0f169fae3a337bf4b9114c44e6bd0cd02ce748998f46c19ef32277
  original:
    hackage: deriving-aeson-0.2.5@sha256:a1efa4ab7ff94f73e6d2733a9d4414cb4c3526761295722cff28027b5b3da1a4,1277
- completed:
    hackage: aeson-1.4.7.1@sha256:6d8d2fd959b7122a1df9389cf4eca30420a053d67289f92cdc0dbc0dab3530ba,7098
    pantry-tree:
      size: 40133
      sha256: caa9306e519c601ab0170d113daa03c1163db53e5466be2968bbd61a771bebcb
  original:
    hackage: aeson-1.4.7.1@sha256:6d8d2fd959b7122a1df9389cf4eca30420a053d67289f92cdc0dbc0dab3530ba,7098
- completed:
    subdir: amazonka
    name: amazonka
    version: 1.6.1
    git: https://github.com/wireapp/amazonka
    pantry-tree:
      size: 1038
      sha256: 59c7840fe6c9609d1d5022149010e72db5778e4978b9384b6dee8a4a207c96b3
    commit: 412172d8c28906591f01576a78792de7c34cc3eb
  original:
    subdir: amazonka
    git: https://github.com/wireapp/amazonka
    commit: 412172d8c28906591f01576a78792de7c34cc3eb
- completed:
    subdir: amazonka-cloudfront
    name: amazonka-cloudfront
    version: 1.6.1
    git: https://github.com/wireapp/amazonka
    pantry-tree:
      size: 12839
      sha256: f0f27588c628d9996c298ab035b19999572ad8432ea05526497b608b009b1258
    commit: 412172d8c28906591f01576a78792de7c34cc3eb
  original:
    subdir: amazonka-cloudfront
    git: https://github.com/wireapp/amazonka
    commit: 412172d8c28906591f01576a78792de7c34cc3eb
- completed:
    subdir: amazonka-dynamodb
    name: amazonka-dynamodb
    version: 1.6.1
    git: https://github.com/wireapp/amazonka
    pantry-tree:
      size: 8379
      sha256: d513775676879e3b2ff8393528882df1670a79110120b65ce6c68765581a2473
    commit: 412172d8c28906591f01576a78792de7c34cc3eb
  original:
    subdir: amazonka-dynamodb
    git: https://github.com/wireapp/amazonka
    commit: 412172d8c28906591f01576a78792de7c34cc3eb
- completed:
    subdir: amazonka-s3
    name: amazonka-s3
    version: 1.6.1
    git: https://github.com/wireapp/amazonka
    pantry-tree:
      size: 18431
      sha256: a19d02da301bbcad502e6092d7418a59543747c8bb6f12932bcbc4606f7814ab
    commit: 412172d8c28906591f01576a78792de7c34cc3eb
  original:
    subdir: amazonka-s3
    git: https://github.com/wireapp/amazonka
    commit: 412172d8c28906591f01576a78792de7c34cc3eb
- completed:
    subdir: amazonka-ses
    name: amazonka-ses
    version: 1.6.1
    git: https://github.com/wireapp/amazonka
    pantry-tree:
      size: 18197
      sha256: cd9b02c30d7571dc87868b054ed3826d5b8d26b717f3158da6443377e8dfd563
    commit: 412172d8c28906591f01576a78792de7c34cc3eb
  original:
    subdir: amazonka-ses
    git: https://github.com/wireapp/amazonka
    commit: 412172d8c28906591f01576a78792de7c34cc3eb
- completed:
    subdir: amazonka-sns
    name: amazonka-sns
    version: 1.6.1
    git: https://github.com/wireapp/amazonka
    pantry-tree:
      size: 7905
      sha256: e5a6d407b92e423ccf58d784fe42d4a0598204f65c0e7753569c130428bfb5eb
    commit: 412172d8c28906591f01576a78792de7c34cc3eb
  original:
    subdir: amazonka-sns
    git: https://github.com/wireapp/amazonka
    commit: 412172d8c28906591f01576a78792de7c34cc3eb
- completed:
    subdir: amazonka-sqs
    name: amazonka-sqs
    version: 1.6.1
    git: https://github.com/wireapp/amazonka
    pantry-tree:
      size: 5351
      sha256: 990b7e4467d557e43959483063f7229f5039857a8cd67decb53f9a5c513db7f8
    commit: 412172d8c28906591f01576a78792de7c34cc3eb
  original:
    subdir: amazonka-sqs
    git: https://github.com/wireapp/amazonka
    commit: 412172d8c28906591f01576a78792de7c34cc3eb
- completed:
    subdir: core
    name: amazonka-core
    version: 1.6.1
    git: https://github.com/wireapp/amazonka
    pantry-tree:
      size: 3484
      sha256: d4e427a362d66c9ee0dc0de810015633e43e3953944a84b24cfa2e71bcf0ed4d
    commit: 412172d8c28906591f01576a78792de7c34cc3eb
  original:
    subdir: core
    git: https://github.com/wireapp/amazonka
    commit: 412172d8c28906591f01576a78792de7c34cc3eb
- completed:
    name: cryptobox-haskell
    version: 0.1.1
    git: https://github.com/wireapp/cryptobox-haskell
    pantry-tree:
      size: 279
      sha256: 2b1c19494263d1c6f88654b72ff4e0cc3b54a02cc81f8587899336e99c8a662f
    commit: 7546a1a25635ef65183e3d44c1052285e8401608
  original:
    git: https://github.com/wireapp/cryptobox-haskell
    commit: 7546a1a25635ef65183e3d44c1052285e8401608
- completed:
    name: hsaml2
    version: '0.1'
    git: https://github.com/wireapp/hsaml2
    pantry-tree:
      size: 3918
      sha256: 072d64ee1d974ed2170e4b0dacfeef2cb13ae62fe066211e93c0be0073f959a3
    commit: b652ec6e69d1647e827cbee0fa290605ac09dc63
  original:
    git: https://github.com/wireapp/hsaml2
    commit: b652ec6e69d1647e827cbee0fa290605ac09dc63
- completed:
    subdir: http-client
    name: http-client
    version: 0.7.0
    git: https://github.com/wireapp/http-client
    pantry-tree:
      size: 3129
      sha256: 355d13d4b018ab32ad3ba1b88d8d183c4f673efb3a8109d3b0260776b2473ec0
    commit: 9100baeddbd15d93dc58a826ae812dafff29d5fd
  original:
    subdir: http-client
    git: https://github.com/wireapp/http-client
    commit: 9100baeddbd15d93dc58a826ae812dafff29d5fd
- completed:
    subdir: http-client-openssl
    name: http-client-openssl
    version: 0.3.1.0
    git: https://github.com/wireapp/http-client
    pantry-tree:
      size: 387
      sha256: c9265105d25badaa471e8d3d0eb493ebcba3ce17b4d430d2db70b6a0a4f90821
    commit: 9100baeddbd15d93dc58a826ae812dafff29d5fd
  original:
    subdir: http-client-openssl
    git: https://github.com/wireapp/http-client
    commit: 9100baeddbd15d93dc58a826ae812dafff29d5fd
- completed:
    subdir: http-client-tls
    name: http-client-tls
    version: 0.3.5.3
    git: https://github.com/wireapp/http-client
    pantry-tree:
      size: 435
      sha256: 13722b74ba7edde9163e5c194af168fc98c4dc419c37fd42fada45f5a89d2042
    commit: 9100baeddbd15d93dc58a826ae812dafff29d5fd
  original:
    subdir: http-client-tls
    git: https://github.com/wireapp/http-client
    commit: 9100baeddbd15d93dc58a826ae812dafff29d5fd
- completed:
    subdir: http-conduit
    name: http-conduit
    version: 2.3.7.3
    git: https://github.com/wireapp/http-client
    pantry-tree:
      size: 1074
      sha256: ec54f41b6997eabc01aa5e65a584bf37a39efb57a9eaad8f1e8005137f32c625
    commit: 9100baeddbd15d93dc58a826ae812dafff29d5fd
  original:
    subdir: http-conduit
    git: https://github.com/wireapp/http-client
    commit: 9100baeddbd15d93dc58a826ae812dafff29d5fd
- completed:
    hackage: template-0.2.0.10@sha256:f822de4d34c45bc84b33a61bc112c15fedee6fa6dc414c62b10456395a868f85,987
    pantry-tree:
      size: 339
      sha256: e9829c39501915bc47fda35069207b7a839f9fb929b81946e151e0dda8a7fda1
  original:
    hackage: template-0.2.0.10
- completed:
    hackage: HaskellNet-0.6@sha256:1b514b95acf1c56f39bebc27150c909988d0a6ad28a2db1210316cffed57cad7,2344
    pantry-tree:
      size: 1689
      sha256: 22cc61632129d47407d3e28c5291f21b7cc9a5df69304395d75d5ae341f567d4
  original:
    hackage: HaskellNet-0.6
- completed:
    hackage: smtp-mail-0.3.0.0@sha256:2e6d9cb29d09a5a04d77a905eb1b570b94b5654e24d40630ea96aa374474c12f,1239
    pantry-tree:
      size: 450
      sha256: 4d319cb6c22b35ca043a83210cd09bfbf99eec3dca4945cd53ed5b7c96f7daca
  original:
    hackage: smtp-mail-0.3.0.0
- completed:
    hackage: stm-containers-1.2@sha256:a887f2e7692b7cf20e0b081e2d66e21076e2bd4b57016ec59c484edfa2d29397,3244
    pantry-tree:
      size: 761
      sha256: 20b1076bdb121347ccc512a67df697eed34815a8e35279b6b9a0951963b1eba2
  original:
    hackage: stm-containers-1.2
- completed:
    hackage: redis-resp-1.0.0@sha256:c134ac23e79d57071fdc8559e2b2e72280ea11786a8ba4118c10ed506dc7d991,1615
    pantry-tree:
      size: 441
      sha256: c63020c2f2ca4f92c4747959a2e89e84bdd929d1ea1458c75552ee3f7aaa00fc
  original:
    hackage: redis-resp-1.0.0
- completed:
    hackage: stm-hamt-1.2.0.6@sha256:fba86ccb4b45c5706c19b0e1315ba63dcac3b5d71de945ec001ba921fae80061,3972
    pantry-tree:
      size: 1009
      sha256: 1920790535af832b76e7583c33ecf51f8b0b0c3615ef1db1c8ed9be19622c1db
  original:
    hackage: stm-hamt-1.2.0.6
- completed:
    hackage: primitive-unlifted-1.0.0.0@sha256:16c3f149cf2fb3da64a43ffd0020d78a198454baded3a7f7f49a59397eea5770,2293
    pantry-tree:
      size: 1719
      sha256: 0ca7abed459d0240ee880bc52d957e35ca01017313ea94b5d026fc1842aba93c
  original:
    hackage: primitive-unlifted-1.0.0.0
- completed:
    hackage: prometheus-2.2.2@sha256:d794f5fe975be2f3ca7d7af71a7aeeb006615ad7d98835fa42caba9457a51936,4288
    pantry-tree:
      size: 1559
      sha256: 3b1cb27cf8cb0a8da83b5730e85132e058e808f8dd1be349ea3dbb162c7f14c3
  original:
    hackage: prometheus-2.2.2
- completed:
    hackage: currency-codes-3.0.0.1@sha256:a4b24669dd91e805b11d9eb267becd0ba6d726927e535e03d5f3f368f44c1cf4,2902
    pantry-tree:
      size: 548
      sha256: 9802924b7472c67d93312eedbbb49ab250b9651101b27668133b9f5d15dbca78
  original:
    hackage: currency-codes-3.0.0.1
- completed:
    hackage: mime-0.4.0.2@sha256:208947d9d1a19d08850be67ecb28c6e776db697f3bba05bd9d682e51a59f241f,983
    pantry-tree:
      size: 565
      sha256: f2529a2e1678074ca0340ff60caa986f4e246d7d9abe8186657910c2900364bb
  original:
    hackage: mime-0.4.0.2
- completed:
    hackage: data-timeout-0.3.1@sha256:80830a56fcb562b06ede4203de3a80a17d359c40311624f9e4f72b425a5294db,1313
    pantry-tree:
      size: 416
      sha256: d073a04c7c660d564e0f52baa0aad68006e992050f358f18fab6c6d9c2859d2f
  original:
    hackage: data-timeout-0.3.1
- completed:
    hackage: geoip2-0.4.1.0@sha256:f8b69ea86198817141edab06cd10b2dcf23a906ea9f0ba2ce52045c7fea2e5c5,1316
    pantry-tree:
      size: 433
      sha256: 13b2f1557f8915c71902f576ccc1b42491f4fc38baef080a5b753df5e81b4766
  original:
    hackage: geoip2-0.4.1.0
- completed:
    hackage: stomp-queue-0.5.1@sha256:47c47d21dc756c028c8253b51cf647d4fa0282777dda2265edde2f65284f9d14,2321
    pantry-tree:
      size: 608
      sha256: 2996c49e280fd1bf4111ffb8788d5729c48d663648e1dd6734c83ee20681c531
  original:
    hackage: stomp-queue-0.5.1
- completed:
    hackage: text-icu-translit-0.1.0.7@sha256:c8eaaee3331417a250365474067b7cb0f196ebabd04b3fe834c4e2b5a212b5ce,1723
    pantry-tree:
      size: 542
      sha256: 74233c36098c69ffdeac6fdf578ddf77c6308f6dda900b8c038a3b652768f253
  original:
    hackage: text-icu-translit-0.1.0.7
- completed:
    hackage: wai-middleware-gunzip-0.0.2@sha256:03ad25dd0faf55e20087e7d8456e60188d1b8fe5d6572b73f31cbab8157f57bb,1211
    pantry-tree:
      size: 298
      sha256: 9ca3f095e65532b408abde50bbb6c6aa5cb58de9c7918ba775fc7873521a790b
  original:
    hackage: wai-middleware-gunzip-0.0.2
- completed:
    hackage: cql-io-tinylog-0.1.0@sha256:8a5abaa6ca0dbf061cc092d5c04a473d5c3d0aa3905f2f10fecb478962d4c11b,663
    pantry-tree:
      size: 232
      sha256: c6d7b32126a059dec2b56f529a6ff1f493c3f887e1555793486568399b813e49
  original:
    hackage: cql-io-tinylog-0.1.0
- completed:
    hackage: invertible-hxt-0.1@sha256:8495092e94f6a7eebbdf980a8ccd3684f2078b02b2faf4b4822b1202ee42dae9,865
    pantry-tree:
      size: 195
      sha256: da65a22968a2fecc17f42e66f1f3d0d2f341e4af50bf496c6c0fe84c0907f756
  original:
    hackage: invertible-hxt-0.1
- completed:
    hackage: base58-bytestring-0.1.0@sha256:a1da72ee89d5450bac1c792d9fcbe95ed7154ab7246f2172b57bd4fd9b5eab79,1913
    pantry-tree:
      size: 419
      sha256: 053784f8edef6433518c873a7c502dc75348f812e2384e1306f90467ea54f40b
  original:
    hackage: base58-bytestring-0.1.0
- completed:
    hackage: stompl-0.6.0@sha256:fd7b39a754926102d3f9917213f646d5cd765ebcf23e70daf9eb99e44e441cef,1896
    pantry-tree:
      size: 357
      sha256: 0bc21f1930468f6b75cab74ab6d4ff95bc1eedcda5c33c336d2599452eb45ace
  original:
    hackage: stompl-0.6.0
- completed:
    hackage: pattern-trie-0.1.1@sha256:265ecc98c4345a89f2711b9b00e4f52ed7c143ea20f10b76ca6ddc3066658143,2236
    pantry-tree:
      size: 751
      sha256: dc1264e417abc23b25fc0b3b486880c0510a805cc0a19d2208f13d0ec8a0102d
  original:
    hackage: pattern-trie-0.1.1
- completed:
    hackage: markov-chain-usage-model-0.0.0@sha256:1afa95faeb9213c4d960a669190078b41b89169462b8edd910472980671ba8c0,2112
    pantry-tree:
      size: 432
      sha256: 6871bd9281acf589296d0998a3d62892b036040ab10e74e8a0f356f68c194f4f
  original:
    hackage: markov-chain-usage-model-0.0.0
- completed:
    hackage: wai-predicates-1.0.0@sha256:46ec4b4afcecac28810e6a13613fedc0c995419cb7c5e18d3dd62eed258b434f,2848
    pantry-tree:
      size: 1378
      sha256: 58c340a179ad44850ace6f5d7d14df2f2e8cc7fd95f8a83b1c0c19e8b777760b
  original:
    hackage: wai-predicates-1.0.0
- completed:
    hackage: redis-io-1.1.0@sha256:16ff8142557658df2c8ad569a1108042bab4cc4aec73fbc9dfd910477222c2e8,2732
    pantry-tree:
      size: 809
      sha256: db61f70aa7387090c26ccca0545ffdeea0adfcf93b76d5eaf6a954c0e5a34064
  original:
    hackage: redis-io-1.1.0
- completed:
    hackage: polysemy-mocks-0.2.0.0@sha256:ed7b4aa8ee29995d0b840ac0c131a141636ca46493b82706b7e5ec5e33b9ffa7,1441
    pantry-tree:
      size: 695
      sha256: 8218e3dde278ca1f01d19009fad40f603e1b17993a519d15fe6319e3a827cc01
  original:
    hackage: polysemy-mocks-0.2.0.0
- completed:
    hackage: warp-3.3.17@sha256:3a3ea203141d00d2244b511ee99174b8ed58fc862552755d470a25a44ce5275b,10910
    pantry-tree:
      size: 3973
      sha256: 49b90267427705454477f4d2fa5755d0006826ede89e931cd84b4a0a658bd525
  original:
    hackage: warp-3.3.17
- completed:
    hackage: wai-route-0.4.0@sha256:ee52f13d2945e4a56147e91e515e184f840654f2e3d9071c73bec3d8aa1f4444,2119
    pantry-tree:
      size: 566
      sha256: d98288879d370d53e741f0dafaad96de2a58f84556ce4a835322d4029e529b9d
  original:
    hackage: wai-route-0.4.0
- completed:
    hackage: QuickCheck-2.14.2@sha256:4ce29211223d5e6620ebceba34a3ca9ccf1c10c0cf387d48aea45599222ee5aa,7736
    pantry-tree:
      size: 2315
      sha256: 2fe423d0ed7cd64f0f165d708779f48814e66c4f181c568468134af55d86a5f8
  original:
    hackage: QuickCheck-2.14.2
- completed:
    hackage: splitmix-0.1.0.4@sha256:714a55fd28d3e2533bd5b49e74f604ef8e5d7b06f249c8816f6c54aed431dcf1,6483
    pantry-tree:
      size: 1519
      sha256: 79f4645c11b7a3861db0b596297f72804f509444d639a8fd7c0162b1ed80c578
  original:
    hackage: splitmix-0.1.0.4
- completed:
    hackage: servant-mock-0.8.7@sha256:64cb3e52bbd51ab6cb25e3f412a99ea712c6c26f1efd117f01a8d1664df49c67,2306
    pantry-tree:
      size: 555
      sha256: b263e932ec6b151e52987054ec0a4cd692fa787f856c79e51498302eb0d6c388
  original:
    hackage: servant-mock-0.8.7
- completed:
    hackage: servant-swagger-ui-0.3.5.3.52.5@sha256:4734c536b8b0c48993c337e880a5bd65ed521271937ce9da5feac360dea661ba,1746
    pantry-tree:
      size: 878
      sha256: 822d19afe0e75bbc8bd2b685dc2cb4fd7d5972ed1e7b61546ce3e61cf77b8808
  original:
    hackage: servant-swagger-ui-0.3.5.3.52.5
- completed:
    hackage: tls-1.5.5@sha256:f6681d6624071211edd509a8f56e0c96b4f003bb349b7dc706d4333775a373c5,6996
    pantry-tree:
      size: 4897
      sha256: 6400901a8f8ddd0c7d2fb30c95857753a654a60a63fcec38aab4a08b23e0984f
  original:
    hackage: tls-1.5.5
- completed:
    hackage: cryptonite-0.29@sha256:147724f6a8e4394fcbd51bf52aba7a8b92d3fc8f42055cd6ca9486655e2ab614,18312
    pantry-tree:
      size: 23323
      sha256: 087de3ed0552cfb1f84d03629b0f98c77aadc076b85bb5cb787f77c5e5dac136
  original:
    hackage: cryptonite-0.29
- completed:
    name: servant-swagger
    version: 1.1.11
    git: https://github.com/haskell-servant/servant-swagger
    pantry-tree:
      size: 1965
      sha256: 8fd0d018aee725fa475a408d17a54ae8d190518e96453b304687bccafe4cddac
    commit: bb0a84faa073fa9530f60337610d7da3d5b9393c
  original:
    git: https://github.com/haskell-servant/servant-swagger
    commit: bb0a84faa073fa9530f60337610d7da3d5b9393c
- completed:
    subdir: servant
    name: servant
    version: 0.18.2
    git: https://github.com/wireapp/servant.git
    pantry-tree:
      size: 2809
      sha256: 22348fceac7bca97f5c349d9db0b157e401ed273d151d8cbcbd767f4d06791e8
    commit: a4e15fe75f294816d9ead19ed8a48cae8e0b76e7
  original:
    subdir: servant
    git: https://github.com/wireapp/servant.git
    commit: a4e15fe75f294816d9ead19ed8a48cae8e0b76e7
- completed:
    subdir: servant-server
    name: servant-server
    version: 0.18.2
    git: https://github.com/wireapp/servant.git
    pantry-tree:
      size: 2727
      sha256: 55d3c9747550555f3861b5fabfe7cc0385c64ccaf3e5b051aa3064bddb8661ad
    commit: a4e15fe75f294816d9ead19ed8a48cae8e0b76e7
  original:
    subdir: servant-server
    git: https://github.com/wireapp/servant.git
    commit: a4e15fe75f294816d9ead19ed8a48cae8e0b76e7
- completed:
    subdir: servant-client
    name: servant-client
    version: 0.18.2
    git: https://github.com/wireapp/servant.git
    pantry-tree:
      size: 1346
      sha256: 9245621a9097c0b4d5ecbd61616d00c69112e1539db8803a0fda010de484e7ba
    commit: a4e15fe75f294816d9ead19ed8a48cae8e0b76e7
  original:
    subdir: servant-client
    git: https://github.com/wireapp/servant.git
    commit: a4e15fe75f294816d9ead19ed8a48cae8e0b76e7
- completed:
    subdir: servant-client-core
    name: servant-client-core
    version: 0.18.2
    git: https://github.com/wireapp/servant.git
    pantry-tree:
      size: 1444
      sha256: b5a7abf78d2ee0887bf05d7d4ba71e3c689b65a9b2e7386c394f4bdb6ff8e55d
    commit: a4e15fe75f294816d9ead19ed8a48cae8e0b76e7
  original:
    subdir: servant-client-core
    git: https://github.com/wireapp/servant.git
    commit: a4e15fe75f294816d9ead19ed8a48cae8e0b76e7
- completed:
    hackage: HsOpenSSL-x509-system-0.1.0.4@sha256:86be72558de4cee8f4e32f9cb8b63610d7624219910cfc205a23326078658676,1777
    pantry-tree:
      size: 508
      sha256: 98f6b47d27550f29a90a8f5660cf09f72f139d9940fe00cd6b0cffbd5c210a15
  original:
    hackage: HsOpenSSL-x509-system-0.1.0.4
- completed:
    hackage: cql-4.0.3@sha256:10d6b09715699efec5c97f22887aaf65c8fa0b0916c926ef79bc21f4db460175,3157
    pantry-tree:
      size: 1281
      sha256: 94433b7c7c46bea532fdc64c6988643a48e39b643948003b27e5bde1bdad3b24
  original:
    hackage: cql-4.0.3
- completed:
    hackage: cql-io-1.1.1@sha256:897ef0811b227c8b1a269b29b9c1ebfb09c46f00d66834e2e8c6f19ea7f90f7d,4611
    pantry-tree:
      size: 2067
      sha256: 7ced76ae95b51fa1669b4fcaeec3825b5cb8cf1f4e37c53d0bddf6234742eba8
  original:
    hackage: cql-io-1.1.1
- completed:
    hackage: primitive-extras-0.10.1.1@sha256:47c4d211166bc31ebdb053f610e4b5387c01d00bde81840e59438469cef6c94e,2955
    pantry-tree:
      size: 1096
      sha256: 55ee00adb4e2e6beedfb997b071b60014b28ce0b25fb946b1f4abfae9a5e01d1
  original:
    hackage: primitive-extras-0.10.1.1
- completed:
    hackage: text-format-0.3.2@sha256:2a3fc17cf87120fcfdbca62a0da59759755549285841cdc1483081c35fb3d115,1814
    pantry-tree:
      size: 1029
      sha256: 2db26ddb77184186e0d5b2b020bdfbeb044c168024767b1fa3691682ca618896
  original:
    hackage: text-format-0.3.2
- completed:
    hackage: hex-0.2.0@sha256:197d2561d2e216c4ead035b4911dabc6e678ac6257cb71b64e324c822f6f9f5a,726
    pantry-tree:
      size: 197
      sha256: 1e5aba0165fb8ffa93d1516a87026a59c245750ca5f2ed42bd53b8328620f98e
  original:
    hackage: hex-0.2.0
- completed:
    hackage: quickcheck-state-machine-0.7.1@sha256:575f16ece44b20f204730b7b5d77a1ed91b33f4a961a4e70932fc8d602082b10,6153
    pantry-tree:
      size: 3022
      sha256: edb32e2c7ac3be15e0d110b762990192d993326779f440984e56de0be5e0f714
  original:
    hackage: quickcheck-state-machine-0.7.1
- completed:
    hackage: servant-multipart-0.12.1@sha256:4b6a8c3f73d645e212f2a7a476f30a2ab7ed191945a3ff62154ab99d76dea7f0,1951
    pantry-tree:
      size: 332
      sha256: 80f6033a74da5d7c6aded81c428d740a0bf6bfd49e13ce8cde68158abd5ff49f
  original:
    hackage: servant-multipart-0.12.1
- completed:
    name: HaskellNet-SSL
    version: 0.3.4.2
    git: https://github.com/dpwright/HaskellNet-SSL
    pantry-tree:
      size: 786
      sha256: c6a64c9e64bc834842756be28eaac2d842f0dde3753542bfa0cfd87ae5cf0bc5
    commit: ca84ef29a93eaef7673fa58056cdd8dae1568d2d
  original:
    git: https://github.com/dpwright/HaskellNet-SSL
    commit: ca84ef29a93eaef7673fa58056cdd8dae1568d2d
- completed:
    name: http2
    version: 3.0.2
    git: https://github.com/wireapp/http2
    pantry-tree:
      size: 52771
      sha256: dc6d3868a049d2ed38ef16ca6dd6aeb6b8e8a1e730c664ecdd243ffdb45ee750
    commit: 1ee1ce432d923839dab6782410e91dc17df2a880
  original:
    git: https://github.com/wireapp/http2
    commit: 1ee1ce432d923839dab6782410e91dc17df2a880
- completed:
    name: snappy
    version: 0.2.0.2
    git: https://github.com/wireapp/snappy
    pantry-tree:
      size: 989
      sha256: ae7fdf1988910fa026279052e85ade0a99962a3e7812ace104797e12ead0cd1d
    commit: b0e5c08af48911caecffa4fa6a3e74872018b258
  original:
    git: https://github.com/wireapp/snappy
    commit: b0e5c08af48911caecffa4fa6a3e74872018b258
- completed:
    subdir: x509-store
    name: x509-store
    version: 1.6.7
    git: https://github.com/vincenthz/hs-certificate
    pantry-tree:
      size: 398
      sha256: bf71c28417dcf76a8aef361fbc74abe78962c80e7e996a2515996fd44b2f6ba6
    commit: a899bda3d7666d25143be7be8f3105fc076703d9
  original:
    subdir: x509-store
    git: https://github.com/vincenthz/hs-certificate
    commit: a899bda3d7666d25143be7be8f3105fc076703d9
- completed:
    hackage: polysemy-1.7.1.0@sha256:3ead7a332abd70b202920ed3bf2e36866de163f821e643adfdcc9d39867b8033,5977
    pantry-tree:
      size: 4577
      sha256: 22f540602a4d5565d4d90bc6084eb4e578f1ed934917a4efd6b01f5b90f49fea
  original:
    hackage: polysemy-1.7.1.0
- completed:
    hackage: polysemy-plugin-0.4.2.0@sha256:1dbcb892bb866926994dadafeb93e76ae4a6625dc3ae9ca0f4f419ee85cb2f7b,3154
    pantry-tree:
      size: 1229
      sha256: ee75425b00b0f1c80207c3c4d5df86a94d892de229b75fb23e0380ec2526a626
  original:
    hackage: polysemy-plugin-0.4.2.0
- completed:
    hackage: polysemy-check-0.8.1.0@sha256:5cce3ae162d2f8d8f629397daa28ec5e425f72d357afeb4fe994e102425f2383,2648
    pantry-tree:
      size: 1027
      sha256: bc880fb3405307ed251c02358d604979d8014040b78c2ffe6319076431f93509
  original:
    hackage: polysemy-check-0.8.1.0
- completed:
    hackage: kind-generics-0.4.1.0@sha256:15e50867349de627c401af29f56b204dfb2ad2b12e83417132ffca3d5cd02462,1061
    pantry-tree:
      size: 390
      sha256: 497a73c5243cd787c06b7b66258fccf6299e6a853fa44f050f72f0bf1967715f
  original:
    hackage: kind-generics-0.4.1.0
- completed:
    hackage: proto-lens-0.7.1.0@sha256:b151890929e71db5b8c2ad86cd758bcdf1dfcf25f34eb6c9ce19e3d7cd4eae39,2959
    pantry-tree:
      size: 1857
      sha256: 2f1199d04d0588805e06faa0bf9a75898584d76243d4f945acbcc0e93913732e
  original:
    hackage: proto-lens-0.7.1.0
- completed:
    hackage: proto-lens-protoc-0.7.1.0@sha256:b0b92498af74fc4bb770d51f84405d591e73c085a0c1d9952dd3e14ce07b538f,2220
    pantry-tree:
      size: 1219
      sha256: 1aaa82cb2823b33c9ea96608cc7ec245e54a0d14de8f18736be03220d8dbe683
  original:
    hackage: proto-lens-protoc-0.7.1.0
- completed:
    hackage: proto-lens-runtime-0.7.0.1@sha256:703f327422b2e204f8ea13c5e178edd8ab42ccd01c7a5a89fcb1b37ab474c68a,3038
    pantry-tree:
      size: 168
      sha256: 145cb9a15b73d45b07cb3f9f0716256b2ed9e27ac296268ce100a4f0e477e110
  original:
    hackage: proto-lens-runtime-0.7.0.1
- completed:
    hackage: proto-lens-setup-0.4.0.5@sha256:ae4514963a6c20ad059bba427cd14b94c6007f614d797ebecae3c37f8bf0fa96,3108
    pantry-tree:
      size: 235
      sha256: 14982fbc9ee0c6f9f9a59c2639b647613eb9c2cfa1d5b1b323077a15ae285ccf
  original:
    hackage: proto-lens-setup-0.4.0.5
- completed:
    hackage: tracing-0.0.7.2@sha256:25a531be1ffe4054085f2855fd5132be54aa2e6b31a730b26e2cb01bd96b22ea,1438
    pantry-tree:
      size: 672
      sha256: b3059324bf8fea08874dd4f5518105f3edd6e469104242e652698f488a5227d5
  original:
    hackage: tracing-0.0.7.2
- completed:
    hackage: ormolu-0.1.4.1@sha256:ed404eac6e4eb64da1ca5fb749e0f99907431a9633e6ba34e44d260e7d7728ba,6499
    pantry-tree:
      size: 74141
      sha256: 86dffe835089c8029e99046a75e7350fae8b80266a352a7295f13a279a8e5363
  original:
    hackage: ormolu-0.1.4.1
- completed:
    hackage: ghc-lib-parser-8.10.1.20200412@sha256:b0517bb150a02957d7180f131f5b94abd2a7f58a7d1532a012e71618282339c2,8751
    pantry-tree:
      size: 19497
      sha256: b11275740480138dd1fce4a22a2aa8835cddfecaa8da58a153f130b4575f9df5
  original:
    hackage: ghc-lib-parser-8.10.1.20200412@sha256:b0517bb150a02957d7180f131f5b94abd2a7f58a7d1532a012e71618282339c2,8751
- completed:
    hackage: headroom-0.4.2.0@sha256:ebaf701628054472de745fa57b33ddf1021b99a8e4de5f5b96f21fb296b27652,10873
    pantry-tree:
      size: 15450
      sha256: cd772daa4d3ea56ca28764afd60186363bd92cbf69c0ba3c0a9c064507e79ecc
  original:
    hackage: headroom-0.4.2.0
- completed:
    hackage: implicit-hie-0.1.2.6@sha256:f50a908979a574a881f753c0f9a5224f023f438b30fdefc5b7fa01803b07a280,2998
    pantry-tree:
      size: 844
      sha256: 87e1a41e292526d86b55668bca628cf917056d82001438dc6975e4f35cf5210d
  original:
    hackage: implicit-hie-0.1.2.6
snapshots:
- completed:
    size: 586296
    url: https://raw.githubusercontent.com/commercialhaskell/stackage-snapshots/master/lts/18/18.yaml
    sha256: 63539429076b7ebbab6daa7656cfb079393bf644971156dc349d7c0453694ac2
  original: lts-18.18
