# This file was autogenerated by Stack.
# You should not edit this file by hand.
# For more information, please see the documentation at:
#   https://docs.haskellstack.org/en/stable/lock_files

packages:
- completed:
    subdir: wai-middleware-prometheus
    name: wai-middleware-prometheus
    version: 1.0.0
    git: https://github.com/fimad/prometheus-haskell
    pantry-tree:
      size: 359
      sha256: 72560f0d8c7f57db769e77d491e8b10255938631847981de52e94781b905a27a
    commit: 2e3282e5fb27ba8d989c271a0a989823fad7ec43
  original:
    subdir: wai-middleware-prometheus
    git: https://github.com/fimad/prometheus-haskell
    commit: 2e3282e5fb27ba8d989c271a0a989823fad7ec43
- completed:
    name: saml2-web-sso
    version: '0.18'
    git: https://github.com/wireapp/saml2-web-sso
    pantry-tree:
      size: 4815
      sha256: 04b922847a5e37d578bb9b43c4ea0694e0b731c710362957b12ac19f49b95264
    commit: ac88b934bb4a91d4d4bb90c620277188e4087043
  original:
    git: https://github.com/wireapp/saml2-web-sso
    commit: ac88b934bb4a91d4d4bb90c620277188e4087043
- completed:
    name: collectd
    version: 0.0.0.2
    git: https://github.com/kim/hs-collectd
    pantry-tree:
      size: 574
      sha256: 708fdfbd4ba09171072239e12fda5647adf60f99a70cd259685db74c6a25820f
    commit: 885da222be2375f78c7be36127620ed772b677c9
  original:
    git: https://github.com/kim/hs-collectd
    commit: 885da222be2375f78c7be36127620ed772b677c9
- completed:
    name: snappy-framing
    version: 0.1.1
    git: https://github.com/kim/snappy-framing
    pantry-tree:
      size: 651
      sha256: 91a2ac7e0dd161fd82eee3007a6b488e53ad14a5d4e640ffdeba23f4741fbf64
    commit: d99f702c0086729efd6848dea8a01e5266c3a61c
  original:
    git: https://github.com/kim/snappy-framing
    commit: d99f702c0086729efd6848dea8a01e5266c3a61c
- completed:
    name: wai-routing
    version: 0.13.0
    git: https://gitlab.com/twittner/wai-routing
    pantry-tree:
      size: 1020
      sha256: a1aa6c9ff369ee27cfa9d95f20f7d4fa0f239ad80ed45fb6d45ed0c6543eac30
    commit: 7e996a93fec5901767f845a50316b3c18e51a61d
  original:
    git: https://gitlab.com/twittner/wai-routing
    commit: 7e996a93fec5901767f845a50316b3c18e51a61d
- completed:
    name: multihash
    version: 0.1.6
    git: https://github.com/wireapp/haskell-multihash.git
    pantry-tree:
      size: 602
      sha256: 8ad8afc9e9bce4830304eff1e0c1c96fc878b1aad9c55896b4cfc256dba0688c
    commit: 300a6f46384bfca33e545c8bab52ef3717452d12
  original:
    git: https://github.com/wireapp/haskell-multihash.git
    commit: 300a6f46384bfca33e545c8bab52ef3717452d12
- completed:
    name: hspec-wai
    version: 0.9.2
    git: https://github.com/wireapp/hspec-wai
    pantry-tree:
      size: 1829
      sha256: 1da15bc431ded925782e30d299556f7c33ab89fa74e5a519061081616fb9f4d7
    commit: 0a5142cd3ba48116ff059c041348b817fb7bdb25
  original:
    git: https://github.com/wireapp/hspec-wai
    commit: 0a5142cd3ba48116ff059c041348b817fb7bdb25
- completed:
    name: bloodhound
    version: 0.17.0.0
    git: https://github.com/wireapp/bloodhound
    pantry-tree:
      size: 4587
      sha256: fc77d3295fba77f96f80bf10860afac1855d393020f3d04d71bf530afa17c143
    commit: 92de9aa632d590f288a353d03591c38ba72b3cb3
  original:
    git: https://github.com/wireapp/bloodhound
    commit: 92de9aa632d590f288a353d03591c38ba72b3cb3
- completed:
    hackage: deriving-aeson-0.2.5@sha256:a1efa4ab7ff94f73e6d2733a9d4414cb4c3526761295722cff28027b5b3da1a4,1277
    pantry-tree:
      size: 441
      sha256: 8fa77245ed0f169fae3a337bf4b9114c44e6bd0cd02ce748998f46c19ef32277
  original:
    hackage: deriving-aeson-0.2.5@sha256:a1efa4ab7ff94f73e6d2733a9d4414cb4c3526761295722cff28027b5b3da1a4,1277
- completed:
    hackage: aeson-1.4.7.1@sha256:6d8d2fd959b7122a1df9389cf4eca30420a053d67289f92cdc0dbc0dab3530ba,7098
    pantry-tree:
      size: 40133
      sha256: caa9306e519c601ab0170d113daa03c1163db53e5466be2968bbd61a771bebcb
  original:
    hackage: aeson-1.4.7.1@sha256:6d8d2fd959b7122a1df9389cf4eca30420a053d67289f92cdc0dbc0dab3530ba,7098
- completed:
    size: 11158334
    subdir: amazonka
    url: https://github.com/wireapp/amazonka/archive/412172d8c28906591f01576a78792de7c34cc3eb.tar.gz
    name: amazonka
    version: 1.6.1
    sha256: c5eb2007e0eef0daaa70f5c622ec0cc75227be1bc8d32bc9446754f01595ad21
    pantry-tree:
      size: 1038
      sha256: 59c7840fe6c9609d1d5022149010e72db5778e4978b9384b6dee8a4a207c96b3
  original:
    size: 11158334
    subdir: amazonka
    url: https://github.com/wireapp/amazonka/archive/412172d8c28906591f01576a78792de7c34cc3eb.tar.gz
    sha256: c5eb2007e0eef0daaa70f5c622ec0cc75227be1bc8d32bc9446754f01595ad21
- completed:
    size: 11158334
    subdir: amazonka-cloudfront
    url: https://github.com/wireapp/amazonka/archive/412172d8c28906591f01576a78792de7c34cc3eb.tar.gz
    name: amazonka-cloudfront
    version: 1.6.1
    sha256: c5eb2007e0eef0daaa70f5c622ec0cc75227be1bc8d32bc9446754f01595ad21
    pantry-tree:
      size: 12839
      sha256: f0f27588c628d9996c298ab035b19999572ad8432ea05526497b608b009b1258
  original:
    size: 11158334
    subdir: amazonka-cloudfront
    url: https://github.com/wireapp/amazonka/archive/412172d8c28906591f01576a78792de7c34cc3eb.tar.gz
    sha256: c5eb2007e0eef0daaa70f5c622ec0cc75227be1bc8d32bc9446754f01595ad21
- completed:
    size: 11158334
    subdir: amazonka-dynamodb
    url: https://github.com/wireapp/amazonka/archive/412172d8c28906591f01576a78792de7c34cc3eb.tar.gz
    name: amazonka-dynamodb
    version: 1.6.1
    sha256: c5eb2007e0eef0daaa70f5c622ec0cc75227be1bc8d32bc9446754f01595ad21
    pantry-tree:
      size: 8379
      sha256: d513775676879e3b2ff8393528882df1670a79110120b65ce6c68765581a2473
  original:
    size: 11158334
    subdir: amazonka-dynamodb
    url: https://github.com/wireapp/amazonka/archive/412172d8c28906591f01576a78792de7c34cc3eb.tar.gz
    sha256: c5eb2007e0eef0daaa70f5c622ec0cc75227be1bc8d32bc9446754f01595ad21
- completed:
    size: 11158334
    subdir: amazonka-s3
    url: https://github.com/wireapp/amazonka/archive/412172d8c28906591f01576a78792de7c34cc3eb.tar.gz
    name: amazonka-s3
    version: 1.6.1
    sha256: c5eb2007e0eef0daaa70f5c622ec0cc75227be1bc8d32bc9446754f01595ad21
    pantry-tree:
      size: 18431
      sha256: a19d02da301bbcad502e6092d7418a59543747c8bb6f12932bcbc4606f7814ab
  original:
    size: 11158334
    subdir: amazonka-s3
    url: https://github.com/wireapp/amazonka/archive/412172d8c28906591f01576a78792de7c34cc3eb.tar.gz
    sha256: c5eb2007e0eef0daaa70f5c622ec0cc75227be1bc8d32bc9446754f01595ad21
- completed:
    size: 11158334
    subdir: amazonka-ses
    url: https://github.com/wireapp/amazonka/archive/412172d8c28906591f01576a78792de7c34cc3eb.tar.gz
    name: amazonka-ses
    version: 1.6.1
    sha256: c5eb2007e0eef0daaa70f5c622ec0cc75227be1bc8d32bc9446754f01595ad21
    pantry-tree:
      size: 18197
      sha256: cd9b02c30d7571dc87868b054ed3826d5b8d26b717f3158da6443377e8dfd563
  original:
    size: 11158334
    subdir: amazonka-ses
    url: https://github.com/wireapp/amazonka/archive/412172d8c28906591f01576a78792de7c34cc3eb.tar.gz
    sha256: c5eb2007e0eef0daaa70f5c622ec0cc75227be1bc8d32bc9446754f01595ad21
- completed:
    size: 11158334
    subdir: amazonka-sns
    url: https://github.com/wireapp/amazonka/archive/412172d8c28906591f01576a78792de7c34cc3eb.tar.gz
    name: amazonka-sns
    version: 1.6.1
    sha256: c5eb2007e0eef0daaa70f5c622ec0cc75227be1bc8d32bc9446754f01595ad21
    pantry-tree:
      size: 7905
      sha256: e5a6d407b92e423ccf58d784fe42d4a0598204f65c0e7753569c130428bfb5eb
  original:
    size: 11158334
    subdir: amazonka-sns
    url: https://github.com/wireapp/amazonka/archive/412172d8c28906591f01576a78792de7c34cc3eb.tar.gz
    sha256: c5eb2007e0eef0daaa70f5c622ec0cc75227be1bc8d32bc9446754f01595ad21
- completed:
    size: 11158334
    subdir: amazonka-sqs
    url: https://github.com/wireapp/amazonka/archive/412172d8c28906591f01576a78792de7c34cc3eb.tar.gz
    name: amazonka-sqs
    version: 1.6.1
    sha256: c5eb2007e0eef0daaa70f5c622ec0cc75227be1bc8d32bc9446754f01595ad21
    pantry-tree:
      size: 5351
      sha256: 990b7e4467d557e43959483063f7229f5039857a8cd67decb53f9a5c513db7f8
  original:
    size: 11158334
    subdir: amazonka-sqs
    url: https://github.com/wireapp/amazonka/archive/412172d8c28906591f01576a78792de7c34cc3eb.tar.gz
    sha256: c5eb2007e0eef0daaa70f5c622ec0cc75227be1bc8d32bc9446754f01595ad21
- completed:
    size: 11158334
    subdir: core
    url: https://github.com/wireapp/amazonka/archive/412172d8c28906591f01576a78792de7c34cc3eb.tar.gz
    name: amazonka-core
    version: 1.6.1
    sha256: c5eb2007e0eef0daaa70f5c622ec0cc75227be1bc8d32bc9446754f01595ad21
    pantry-tree:
      size: 3484
      sha256: d4e427a362d66c9ee0dc0de810015633e43e3953944a84b24cfa2e71bcf0ed4d
  original:
    size: 11158334
    subdir: core
    url: https://github.com/wireapp/amazonka/archive/412172d8c28906591f01576a78792de7c34cc3eb.tar.gz
    sha256: c5eb2007e0eef0daaa70f5c622ec0cc75227be1bc8d32bc9446754f01595ad21
- completed:
    name: cryptobox-haskell
    version: 0.1.1
    git: https://github.com/wireapp/cryptobox-haskell
    pantry-tree:
      size: 279
      sha256: 2b1c19494263d1c6f88654b72ff4e0cc3b54a02cc81f8587899336e99c8a662f
    commit: 7546a1a25635ef65183e3d44c1052285e8401608
  original:
    git: https://github.com/wireapp/cryptobox-haskell
    commit: 7546a1a25635ef65183e3d44c1052285e8401608
- completed:
    name: hsaml2
    version: '0.1'
    git: https://github.com/wireapp/hsaml2
    pantry-tree:
      size: 3918
      sha256: 072d64ee1d974ed2170e4b0dacfeef2cb13ae62fe066211e93c0be0073f959a3
    commit: b652ec6e69d1647e827cbee0fa290605ac09dc63
  original:
    git: https://github.com/wireapp/hsaml2
    commit: b652ec6e69d1647e827cbee0fa290605ac09dc63
- completed:
    subdir: http-client
    name: http-client
    version: 0.7.0
    git: https://github.com/wireapp/http-client
    pantry-tree:
      size: 3129
      sha256: 355d13d4b018ab32ad3ba1b88d8d183c4f673efb3a8109d3b0260776b2473ec0
    commit: 9100baeddbd15d93dc58a826ae812dafff29d5fd
  original:
    subdir: http-client
    git: https://github.com/wireapp/http-client
    commit: 9100baeddbd15d93dc58a826ae812dafff29d5fd
- completed:
    subdir: http-client-openssl
    name: http-client-openssl
    version: 0.3.1.0
    git: https://github.com/wireapp/http-client
    pantry-tree:
      size: 387
      sha256: c9265105d25badaa471e8d3d0eb493ebcba3ce17b4d430d2db70b6a0a4f90821
    commit: 9100baeddbd15d93dc58a826ae812dafff29d5fd
  original:
    subdir: http-client-openssl
    git: https://github.com/wireapp/http-client
    commit: 9100baeddbd15d93dc58a826ae812dafff29d5fd
- completed:
    subdir: http-client-tls
    name: http-client-tls
    version: 0.3.5.3
    git: https://github.com/wireapp/http-client
    pantry-tree:
      size: 435
      sha256: 13722b74ba7edde9163e5c194af168fc98c4dc419c37fd42fada45f5a89d2042
    commit: 9100baeddbd15d93dc58a826ae812dafff29d5fd
  original:
    subdir: http-client-tls
    git: https://github.com/wireapp/http-client
    commit: 9100baeddbd15d93dc58a826ae812dafff29d5fd
- completed:
    subdir: http-conduit
    name: http-conduit
    version: 2.3.7.3
    git: https://github.com/wireapp/http-client
    pantry-tree:
      size: 1074
      sha256: ec54f41b6997eabc01aa5e65a584bf37a39efb57a9eaad8f1e8005137f32c625
    commit: 9100baeddbd15d93dc58a826ae812dafff29d5fd
  original:
    subdir: http-conduit
    git: https://github.com/wireapp/http-client
    commit: 9100baeddbd15d93dc58a826ae812dafff29d5fd
- completed:
    hackage: template-0.2.0.10@sha256:f822de4d34c45bc84b33a61bc112c15fedee6fa6dc414c62b10456395a868f85,987
    pantry-tree:
      size: 339
      sha256: e9829c39501915bc47fda35069207b7a839f9fb929b81946e151e0dda8a7fda1
  original:
    hackage: template-0.2.0.10
- completed:
    hackage: HaskellNet-0.5.2@sha256:77fb8466fcbeb76f17366ffd7deb37550b6ea08a4d08bf721d0b597c2573336d,2069
    pantry-tree:
      size: 1499
      sha256: 20f0361675729e606fb37b8a1865f4bd49d952f2d0148693b62f68fadf5801d5
  original:
    hackage: HaskellNet-0.5.2
- completed:
    hackage: snappy-0.2.0.2@sha256:2931b03c5fdab2dac8d7eadb3be2f4ef8906666e43f1f1db65a06efd57ea701b,1591
    pantry-tree:
      size: 709
      sha256: cd05c6ddfbbd3969adab3869d38d161e5ec8e72b1a72e00ca08f5e39538368cf
  original:
    hackage: snappy-0.2.0.2
- completed:
    hackage: smtp-mail-0.2.0.0@sha256:b91c81f6dbb41a9ceee8c443385118684ecec55006b77f7d3c0e49cffd2468cf,1211
    pantry-tree:
      size: 449
      sha256: 413c4c7e7c7573c8bf906c136a282aebfe37ecc25492ff4b5ec8c69ff8d190fe
  original:
    hackage: smtp-mail-0.2.0.0
- completed:
    hackage: stm-containers-1.1.0.4@sha256:f83a683357b6e3b1dda3e70d2077a37224ed534df1f74c4e11f3f6daa7945c5b,3248
    pantry-tree:
      size: 761
      sha256: 059c5a2d657d392aca0a887648f57380d6321734dc8879c056a44d4414308ac6
  original:
    hackage: stm-containers-1.1.0.4
- completed:
    hackage: redis-resp-1.0.0@sha256:c134ac23e79d57071fdc8559e2b2e72280ea11786a8ba4118c10ed506dc7d991,1615
    pantry-tree:
      size: 441
      sha256: c63020c2f2ca4f92c4747959a2e89e84bdd929d1ea1458c75552ee3f7aaa00fc
  original:
    hackage: redis-resp-1.0.0
- completed:
    hackage: stm-hamt-1.2.0.4@sha256:7957497c022554b7599e790696d1a3e56359ad99e5da36a251894c626ca1f60a,3970
    pantry-tree:
      size: 1009
      sha256: d9a8be48da86bd4a2ba9d52ea29b9a74f1b686d439ba1bbfba04ab1a002391da
  original:
    hackage: stm-hamt-1.2.0.4
- completed:
    hackage: primitive-unlifted-0.1.2.0@sha256:9c3df73af54ed19fb3f4874da19334863cc414b22e578e27b5f52beeac4a60dd,1360
    pantry-tree:
      size: 420
      sha256: cc6ffb1b48aa3f514c107f5188d5d5beb4e61a4232a81be7025b54f9be66a837
  original:
    hackage: primitive-unlifted-0.1.2.0
- completed:
    hackage: prometheus-2.2.2@sha256:d794f5fe975be2f3ca7d7af71a7aeeb006615ad7d98835fa42caba9457a51936,4288
    pantry-tree:
      size: 1559
      sha256: 3b1cb27cf8cb0a8da83b5730e85132e058e808f8dd1be349ea3dbb162c7f14c3
  original:
    hackage: prometheus-2.2.2
- completed:
    hackage: polysemy-plugin-0.2.5.2@sha256:649cea55749c38af841e9f3750ccf65be351e597f3085234e28e3491e78d1f78,3155
    pantry-tree:
      size: 1162
      sha256: 20b462f8095a8108ef4d920f0d494ba1299821403ad30169168f4b1968b06c2a
  original:
    hackage: polysemy-plugin-0.2.5.2
- completed:
    hackage: currency-codes-3.0.0.1@sha256:a4b24669dd91e805b11d9eb267becd0ba6d726927e535e03d5f3f368f44c1cf4,2902
    pantry-tree:
      size: 548
      sha256: 9802924b7472c67d93312eedbbb49ab250b9651101b27668133b9f5d15dbca78
  original:
    hackage: currency-codes-3.0.0.1
- completed:
    hackage: mime-0.4.0.2@sha256:208947d9d1a19d08850be67ecb28c6e776db697f3bba05bd9d682e51a59f241f,983
    pantry-tree:
      size: 565
      sha256: f2529a2e1678074ca0340ff60caa986f4e246d7d9abe8186657910c2900364bb
  original:
    hackage: mime-0.4.0.2
- completed:
    hackage: data-timeout-0.3.1@sha256:80830a56fcb562b06ede4203de3a80a17d359c40311624f9e4f72b425a5294db,1313
    pantry-tree:
      size: 416
      sha256: d073a04c7c660d564e0f52baa0aad68006e992050f358f18fab6c6d9c2859d2f
  original:
    hackage: data-timeout-0.3.1
- completed:
    hackage: geoip2-0.4.0.1@sha256:cee67aa8da78686c5e5e37f0e92502218ed7c6b2200a121dc4fb4060c703fa37,1316
    pantry-tree:
      size: 433
      sha256: 364b9ff8d4a85b1265b70f83e7ab81eb1f94c752aa32416de19e739ca6bb8a05
  original:
    hackage: geoip2-0.4.0.1
- completed:
    hackage: stomp-queue-0.3.1@sha256:0f4ced5b67107d4dc06498985058236505470ca742dbfe5c6af0534d67ace9b5,2186
    pantry-tree:
      size: 686
      sha256: 29ffec14af759c9244c559dd54b7fcd13d3b054b0aea21d753d80fb3064720a5
  original:
    hackage: stomp-queue-0.3.1
- completed:
    hackage: text-icu-translit-0.1.0.7@sha256:c8eaaee3331417a250365474067b7cb0f196ebabd04b3fe834c4e2b5a212b5ce,1723
    pantry-tree:
      size: 542
      sha256: 74233c36098c69ffdeac6fdf578ddf77c6308f6dda900b8c038a3b652768f253
  original:
    hackage: text-icu-translit-0.1.0.7
- completed:
    hackage: wai-middleware-gunzip-0.0.2@sha256:03ad25dd0faf55e20087e7d8456e60188d1b8fe5d6572b73f31cbab8157f57bb,1211
    pantry-tree:
      size: 298
      sha256: 9ca3f095e65532b408abde50bbb6c6aa5cb58de9c7918ba775fc7873521a790b
  original:
    hackage: wai-middleware-gunzip-0.0.2
- completed:
    hackage: cql-io-tinylog-0.1.0@sha256:8a5abaa6ca0dbf061cc092d5c04a473d5c3d0aa3905f2f10fecb478962d4c11b,663
    pantry-tree:
      size: 232
      sha256: c6d7b32126a059dec2b56f529a6ff1f493c3f887e1555793486568399b813e49
  original:
    hackage: cql-io-tinylog-0.1.0
- completed:
    hackage: invertible-hxt-0.1@sha256:8495092e94f6a7eebbdf980a8ccd3684f2078b02b2faf4b4822b1202ee42dae9,865
    pantry-tree:
      size: 195
      sha256: da65a22968a2fecc17f42e66f1f3d0d2f341e4af50bf496c6c0fe84c0907f756
  original:
    hackage: invertible-hxt-0.1
- completed:
    hackage: base58-bytestring-0.1.0@sha256:a1da72ee89d5450bac1c792d9fcbe95ed7154ab7246f2172b57bd4fd9b5eab79,1913
    pantry-tree:
      size: 419
      sha256: 053784f8edef6433518c873a7c502dc75348f812e2384e1306f90467ea54f40b
  original:
    hackage: base58-bytestring-0.1.0
- completed:
    hackage: stompl-0.5.0@sha256:58a43198bc24a2332aecec65bc5de3ccb4fe93e470e217b892cd87545240e4ce,1895
    pantry-tree:
      size: 357
      sha256: f4d7a11d9ee71ea0c5504aea227105a7528d41a26972d35f813bb82ab7dc0321
  original:
    hackage: stompl-0.5.0
- completed:
    hackage: pattern-trie-0.1.0@sha256:2ef9ad9a630f07e8e8c9a6689e47d7600b5ca3ebc7fe060d31bb687b1f122eed,2346
    pantry-tree:
      size: 632
      sha256: 9cf57bcb24b5da4d9ab314750810dce6c28ae082348e0afd60bdb12afdeeca6f
  original:
    hackage: pattern-trie-0.1.0
- completed:
    hackage: markov-chain-usage-model-0.0.0@sha256:1afa95faeb9213c4d960a669190078b41b89169462b8edd910472980671ba8c0,2112
    pantry-tree:
      size: 432
      sha256: 6871bd9281acf589296d0998a3d62892b036040ab10e74e8a0f356f68c194f4f
  original:
    hackage: markov-chain-usage-model-0.0.0
- completed:
    hackage: wai-predicates-1.0.0@sha256:46ec4b4afcecac28810e6a13613fedc0c995419cb7c5e18d3dd62eed258b434f,2848
    pantry-tree:
      size: 1378
      sha256: 58c340a179ad44850ace6f5d7d14df2f2e8cc7fd95f8a83b1c0c19e8b777760b
  original:
    hackage: wai-predicates-1.0.0
- completed:
    hackage: redis-io-1.1.0@sha256:16ff8142557658df2c8ad569a1108042bab4cc4aec73fbc9dfd910477222c2e8,2732
    pantry-tree:
      size: 809
      sha256: db61f70aa7387090c26ccca0545ffdeea0adfcf93b76d5eaf6a954c0e5a34064
  original:
    hackage: redis-io-1.1.0
- completed:
    hackage: polysemy-mocks-0.1.0.0@sha256:f2d7068e5cd74cfd1e34f23d15c2610f0a1608e0f0a02539f8d432a9971ad094,1426
    pantry-tree:
      size: 694
      sha256: 094dd07046b545e3bb81508d5faefc545719f2560415f66b8e1703902348fa23
  original:
    hackage: polysemy-mocks-0.1.0.0
- completed:
    hackage: wai-route-0.4.0@sha256:ee52f13d2945e4a56147e91e515e184f840654f2e3d9071c73bec3d8aa1f4444,2119
    pantry-tree:
      size: 566
      sha256: d98288879d370d53e741f0dafaad96de2a58f84556ce4a835322d4029e529b9d
  original:
    hackage: wai-route-0.4.0
- completed:
    hackage: QuickCheck-2.14@sha256:3f536a4b86bef7ec39025f04ef8d76c5ac5a78ba0b42e660b25d0a8f9c811045,7004
    pantry-tree:
      size: 2203
      sha256: 7067593c50ff2e5e83c637ac73009f4bd8f43c29ff256e976bbb14674033abe9
  original:
    hackage: QuickCheck-2.14
- completed:
    hackage: splitmix-0.0.4@sha256:fb9bb8b54a2e76c8a021fe5c4c3798047e1f60e168379a1f80693047fe00ad0e,4813
    pantry-tree:
      size: 872
      sha256: e58892088b95190bfb59a7c0803f7ef65338e57fc9b938d7c166563605003902
  original:
    hackage: splitmix-0.0.4
- completed:
    hackage: servant-mock-0.8.7@sha256:64cb3e52bbd51ab6cb25e3f412a99ea712c6c26f1efd117f01a8d1664df49c67,2306
    pantry-tree:
      size: 555
      sha256: b263e932ec6b151e52987054ec0a4cd692fa787f856c79e51498302eb0d6c388
  original:
    hackage: servant-mock-0.8.7
- completed:
    hackage: servant-swagger-ui-0.3.4.3.36.1@sha256:b696e28ed2c9090ae3306535a80f4a54a876def2d33db0c795c911826c107cda,1746
    pantry-tree:
      size: 878
      sha256: 137680a15ee0147cd19634d8296d90c2150ca4fd62ed3d56f7e07ccd8823810c
  original:
    hackage: servant-swagger-ui-0.3.4.3.36.1
- completed:
    name: servant-swagger
    version: 1.1.11
    git: https://github.com/wireapp/servant-swagger.git
    pantry-tree:
      size: 1896
      sha256: 73fb52248eec3d91d6b26daf526bf099d6ef1a3bc57954528387993d2cf481d6
    commit: 23e9afafadaade29d21181b935286087457171e3
  original:
    git: https://github.com/wireapp/servant-swagger.git
    commit: 23e9afafadaade29d21181b935286087457171e3
- completed:
    subdir: servant
    name: servant
    version: 0.18.2
    git: https://github.com/haskell-servant/servant.git
    pantry-tree:
      size: 2809
      sha256: 952540fb295f50de371c8a98222eaf28146ef0e4366b986dd7b601c0ea9a5d00
    commit: 27173c922311112dd153346cf3cd72b9fb0f3551
  original:
    subdir: servant
    git: https://github.com/haskell-servant/servant.git
    commit: 27173c922311112dd153346cf3cd72b9fb0f3551
- completed:
    subdir: servant-server
    name: servant-server
    version: 0.18.2
    git: https://github.com/haskell-servant/servant.git
    pantry-tree:
      size: 2727
      sha256: bda5fc5c3e70633dec238284bc0f626bae432d39758ab0905875388d587fc3d0
    commit: 27173c922311112dd153346cf3cd72b9fb0f3551
  original:
    subdir: servant-server
    git: https://github.com/haskell-servant/servant.git
    commit: 27173c922311112dd153346cf3cd72b9fb0f3551
- completed:
    hackage: HsOpenSSL-x509-system-0.1.0.3@sha256:f4958ee0eec555c5c213662eff6764bddefe5665e2afcfd32733ce3801a9b687,1774
    pantry-tree:
      size: 503
      sha256: 2a097abbccc0382ebb565c8ab9932628f33471607c2174303c3c930d7685bd18
  original:
    hackage: HsOpenSSL-x509-system-0.1.0.3@sha256:f4958ee0eec555c5c213662eff6764bddefe5665e2afcfd32733ce3801a9b687,1774
- completed:
    hackage: cql-4.0.2@sha256:a0006a5ac13d6f86d5eff28c11be80928246309f217ea6d5f5c8a76a5d16b48b,3157
    pantry-tree:
      size: 1281
      sha256: 8cc6e57c6a794188ae79415cee38bd29e1c07f7426cfa533c9a57523c0a2ed23
  original:
    hackage: cql-4.0.2@sha256:a0006a5ac13d6f86d5eff28c11be80928246309f217ea6d5f5c8a76a5d16b48b,3157
- completed:
    hackage: cql-io-1.1.1@sha256:897ef0811b227c8b1a269b29b9c1ebfb09c46f00d66834e2e8c6f19ea7f90f7d,4611
    pantry-tree:
      size: 2067
      sha256: 7ced76ae95b51fa1669b4fcaeec3825b5cb8cf1f4e37c53d0bddf6234742eba8
  original:
    hackage: cql-io-1.1.1@sha256:897ef0811b227c8b1a269b29b9c1ebfb09c46f00d66834e2e8c6f19ea7f90f7d,4611
- completed:
    hackage: primitive-extras-0.8@sha256:fca0310150496867f5b9421fe1541ecda87fae17eae44885a29f9c52dd00c8ff,2963
    pantry-tree:
      size: 1105
      sha256: e7c1d26202b80d1fca2ef780ec7fe76ede1275f4d9a996c6d44c08d8de1c45db
  original:
    hackage: primitive-extras-0.8@sha256:fca0310150496867f5b9421fe1541ecda87fae17eae44885a29f9c52dd00c8ff,2963
- completed:
    hackage: text-format-0.3.2@sha256:2a3fc17cf87120fcfdbca62a0da59759755549285841cdc1483081c35fb3d115,1814
    pantry-tree:
      size: 1029
      sha256: 2db26ddb77184186e0d5b2b020bdfbeb044c168024767b1fa3691682ca618896
  original:
    hackage: text-format-0.3.2@sha256:2a3fc17cf87120fcfdbca62a0da59759755549285841cdc1483081c35fb3d115,1814
- completed:
    hackage: hex-0.2.0@sha256:197d2561d2e216c4ead035b4911dabc6e678ac6257cb71b64e324c822f6f9f5a,726
    pantry-tree:
      size: 197
      sha256: 1e5aba0165fb8ffa93d1516a87026a59c245750ca5f2ed42bd53b8328620f98e
  original:
    hackage: hex-0.2.0@sha256:197d2561d2e216c4ead035b4911dabc6e678ac6257cb71b64e324c822f6f9f5a,726
- completed:
    hackage: quickcheck-state-machine-0.6.0@sha256:3e4f8df0f6b5d415e3c8840dc75034a63e37f56f5f8cfa1035ded16345235ac4,3825
    pantry-tree:
      size: 1926
      sha256: ae502fd7f4c6680294149bed482d1896904c1259d5ae614093da01e0731ec92e
  original:
    hackage: quickcheck-state-machine-0.6.0
- completed:
    hackage: servant-multipart-0.11.5@sha256:1633f715b5b53d648a1da69839bdc5046599f4f7244944d4bbf852dba38d8f4b,2319
    pantry-tree:
      size: 333
      sha256: b3e1fd2ad2e654475be000c2f0ac6f717b5499436fa73eec50ceccddf352dcec
  original:
    hackage: servant-multipart-0.11.5@sha256:1633f715b5b53d648a1da69839bdc5046599f4f7244944d4bbf852dba38d8f4b,2319
- completed:
    name: HaskellNet-SSL
    version: 0.3.4.2
    git: https://github.com/dpwright/HaskellNet-SSL
    pantry-tree:
      size: 786
      sha256: c6a64c9e64bc834842756be28eaac2d842f0dde3753542bfa0cfd87ae5cf0bc5
    commit: ca84ef29a93eaef7673fa58056cdd8dae1568d2d
  original:
    git: https://github.com/dpwright/HaskellNet-SSL
    commit: ca84ef29a93eaef7673fa58056cdd8dae1568d2d
- completed:
    hackage: mu-rpc-0.4.0.1@sha256:24f2516926a669f860b59d17ed8af6d0704361b5abed30f4e7eb80fb685ae8bc,1383
    pantry-tree:
      size: 445
      sha256: 235597681d97b0789bc7437c752658f2585248d889a289c09532e3e535640cfa
  original:
    hackage: mu-rpc-0.4.0.1
- completed:
    hackage: mu-optics-0.3.0.1@sha256:c3494c71c6300e6a0dcb77c9782481150956e912c1b47fccd69cbb795e461d52,1068
    pantry-tree:
      size: 172
      sha256: 6f8275b8db1dce6136ebd2eb831495af39774d9560d8d07e60d5da09a5f3ed99
  original:
    hackage: mu-optics-0.3.0.1
- completed:
    hackage: mu-avro-0.4.0.4@sha256:10e317c633c5152a26e89becba749456b76f70eb640d1c0b2ccdc0e45a7ef5da,2096
    pantry-tree:
      size: 541
      sha256: 26fd2a714615b6c2c0459178fb5f350848ce64be5c33076c4ddaff9c74adb278
  original:
    hackage: mu-avro-0.4.0.4
- completed:
    hackage: mu-protobuf-0.4.2.0@sha256:4787a2688abdda107e150736433b61448acdf0b71eb0c174232239b4c143f78b,2119
    pantry-tree:
      size: 640
      sha256: ad3ec2fa09fea08c1c7c5181db7ed4440c030cc6c9dbc708a9a58155c13ca8fa
  original:
    hackage: mu-protobuf-0.4.2.0
- completed:
    hackage: mu-schema-0.3.1.2@sha256:c05e58de29d50376638d19dd3357cd3644d39f984664484f3568d5305b3034d9,1933
    pantry-tree:
      size: 1061
      sha256: 07d5d0ab3fc6db8e7492311caacbd92f33a343fd173cb51d2915522b3aea8073
  original:
    hackage: mu-schema-0.3.1.2
- completed:
    hackage: mu-grpc-server-0.4.0.0@sha256:03963b39f5b0887d261106ec03bfabbd4ccd1489e4c59c6cc216b61a4ffdb52c,2682
    pantry-tree:
      size: 334
      sha256: e0d51b2551de2ecce35707b3dc3fabfe67cbd206522d363bf2316b08c2ccbfda
  original:
    hackage: mu-grpc-server-0.4.0.0
- completed:
    hackage: mu-grpc-client-0.4.0.1@sha256:b09dcf69f0650e0cfd86d6f67544a6350590574f4757f5ee459c57828c3a41ff,2079
    pantry-tree:
      size: 562
      sha256: 94e32cdfdee230f090684804fee5ef254c6063f985b913c8efaadbe1dfceafef
  original:
    hackage: mu-grpc-client-0.4.0.1
- completed:
    hackage: mu-grpc-common-0.4.0.0@sha256:568b5879cd67c0bc0e956d53fb87552bb6d9a6287c5d1b09e2284ed5b04de418,1394
    pantry-tree:
      size: 281
      sha256: 7e745ded1cb622178392ae2d5a6d5591af9743b58506de5ed2e17d7d698b0d18
  original:
    hackage: mu-grpc-common-0.4.0.0
- completed:
    hackage: compendium-client-0.2.1.1@sha256:cd477438d507273b34b82581ade333921ae997c1618b48af0c1da2a4968623e0,1203
    pantry-tree:
      size: 181
      sha256: 18996ce535e40483ca2e29397e606aae551552608f96a6a8cc647ce24e24e937
  original:
    hackage: compendium-client-0.2.1.1
- completed:
    hackage: http2-client-0.10.0.0@sha256:85b8771e9e8d4fd0b4327373ebb4a7bc7f9a293e5d7a7dc581ca4153a841da67,2604
    pantry-tree:
      size: 853
      sha256: 4731a8ea6bc88cd762a99370f71c4754bcb57806844ee57a45d59e114ab1b5cb
  original:
    hackage: http2-client-0.10.0.0
- completed:
    hackage: http2-grpc-types-0.5.0.0@sha256:4d34edc06a48496130f19245817a7cd7ea15c78ac8815570c3795ffc4503cf27,1445
    pantry-tree:
      size: 405
      sha256: 3a1a94b87acd230b2f750f0077dc47177f37e46a2984b5764390207a83c4d5e4
  original:
    hackage: http2-grpc-types-0.5.0.0
- completed:
    hackage: http2-grpc-proto3-wire-0.1.0.0@sha256:4f6c0d27048756155b82ebf7385a20cc8241c7bd854e96d1dd6a1827e75fa410,1504
    pantry-tree:
      size: 341
      sha256: d07d5bb883860e3bf928c00312df133a4c195c99bb397865bd67f433f75387b8
  original:
    hackage: http2-grpc-proto3-wire-0.1.0.0
- completed:
    hackage: http2-client-grpc-0.8.0.0@sha256:5bea1edf5fa3572155f55c5b38cfab7063cbde613702898986c26d70bc9f3f9e,1861
    pantry-tree:
      size: 454
      sha256: 234f9a5e2c117c615b63b657af6b331df0533e173d09f0c91b279ac90c54d4de
  original:
    hackage: http2-client-grpc-0.8.0.0
- completed:
    hackage: warp-grpc-0.4.0.1@sha256:3859190e4fa23b944cf93ac691b3cec78c2adf4eaff6a4e8070c89fd17915add,1759
    pantry-tree:
      size: 709
      sha256: f542ef3e7e03b9cd0b2c0e0c436ce4e68ab37f56195740639034cc3cd28a6b9f
  original:
    hackage: warp-grpc-0.4.0.1
- completed:
    hackage: proto3-wire-1.2.0@sha256:898c88614ef328fe74d6abc153387a30855af7ccfcebf3b419681133e0fb9291,2837
    pantry-tree:
      size: 1009
      sha256: 43009bc2c01725358b40f590bc899f0edbece516090944b6015d40178781759c
  original:
    hackage: proto3-wire-1.2.0
- completed:
    hackage: parameterized-0.5.0.0@sha256:880717fbb958de1bac015f0a375ab6636f162a72483d987a11e305da6fac6c97,1969
    pantry-tree:
      size: 1019
      sha256: 843aed822e03279edf00a2595dfb22038b306f4f0acd6984bd108024c5102f90
  original:
    hackage: parameterized-0.5.0.0
- completed:
    hackage: ormolu-0.1.4.1@sha256:ed404eac6e4eb64da1ca5fb749e0f99907431a9633e6ba34e44d260e7d7728ba,6499
    pantry-tree:
      size: 74141
      sha256: 86dffe835089c8029e99046a75e7350fae8b80266a352a7295f13a279a8e5363
  original:
    hackage: ormolu-0.1.4.1
- completed:
    hackage: ghc-lib-parser-8.10.1.20200412@sha256:b0517bb150a02957d7180f131f5b94abd2a7f58a7d1532a012e71618282339c2,8751
    pantry-tree:
      size: 19497
      sha256: b11275740480138dd1fce4a22a2aa8835cddfecaa8da58a153f130b4575f9df5
  original:
    hackage: ghc-lib-parser-8.10.1.20200412@sha256:b0517bb150a02957d7180f131f5b94abd2a7f58a7d1532a012e71618282339c2,8751
- completed:
    hackage: headroom-0.2.1.0@sha256:084b72a071454516bff30c3f50e4f671fb12ee062602693ad5ffcafdea5fab99,8140
    pantry-tree:
      size: 9195
      sha256: 11d2ac77cee54cc1f222e574e4126189fe5b60a47a1aedbafc2ab0de709b29c6
  original:
    hackage: headroom-0.2.1.0
- completed:
    hackage: implicit-hie-0.1.2.5@sha256:517a98ef72f92f0a1617495222774fed3a751a64b0c06fbfc7b858d7aa5de279,2998
    pantry-tree:
      size: 844
      sha256: 9bf2645187637b647dfaebf37a45a57e221b3527592ce3b1cfd9faf90339dac3
  original:
    hackage: implicit-hie-0.1.2.5
snapshots:
- completed:
    size: 532382
    url: https://raw.githubusercontent.com/commercialhaskell/stackage-snapshots/master/lts/16/14.yaml
    sha256: 1ef27e36f38824abafc43224ca612211b3828fa9ffd31ba0fc2867ae2e19ba90
  original: lts-16.14
