# This file was autogenerated by Stack.
# You should not edit this file by hand.
# For more information, please see the documentation at:
#   https://docs.haskellstack.org/en/stable/lock_files

packages:
- completed:
    hackage: swagger2-2.4@sha256:3fde8c2c6bc091738cba62e63c29d690b711848560d86e82615516869f76140b,4415
    pantry-tree:
      size: 2192
      sha256: f4ae95200dfc2f44699a39f533dd6889107aff61f52e988c13edad8fcb30faef
  original:
    hackage: swagger2-2.4
- completed:
    subdir: wai-middleware-prometheus
    cabal-file:
      size: 1314
      sha256: 1625792914fb2139f005685be8ce519111451cfb854816e430fbf54af46238b4
    name: wai-middleware-prometheus
    version: 1.0.0
    git: https://github.com/fimad/prometheus-haskell
    pantry-tree:
      size: 359
      sha256: 72560f0d8c7f57db769e77d491e8b10255938631847981de52e94781b905a27a
    commit: 2e3282e5fb27ba8d989c271a0a989823fad7ec43
  original:
    subdir: wai-middleware-prometheus
    git: https://github.com/fimad/prometheus-haskell
    commit: 2e3282e5fb27ba8d989c271a0a989823fad7ec43
- completed:
    cabal-file:
      size: 8392
      sha256: 2c5d7f46633fb414eeb43facfe1018378f001b8b67dd77a45d110db84e46034c
    name: saml2-web-sso
    version: '0.18'
    git: https://github.com/wireapp/saml2-web-sso
    pantry-tree:
      size: 4601
      sha256: 58cd6e1435b4ad530b99de3f9c7ffbf7d8644ebc75f2da22b2521e4347a92701
    commit: 687d9ac8ac2994aff8436189c6ecce29faad8500
  original:
    git: https://github.com/wireapp/saml2-web-sso
    commit: 687d9ac8ac2994aff8436189c6ecce29faad8500
- completed:
    cabal-file:
      size: 912
      sha256: 71d9fd9fd55cfb7b549eb2cecfb5258171be14669f990e4d05c6b3508dd5878b
    name: collectd
    version: 0.0.0.2
    git: https://github.com/kim/hs-collectd
    pantry-tree:
      size: 574
      sha256: 708fdfbd4ba09171072239e12fda5647adf60f99a70cd259685db74c6a25820f
    commit: 885da222be2375f78c7be36127620ed772b677c9
  original:
    git: https://github.com/kim/hs-collectd
    commit: 885da222be2375f78c7be36127620ed772b677c9
- completed:
    cabal-file:
      size: 1196
      sha256: 1321f0148c87e75202829edac7f375bffa6159dad050b9737403306a493579ba
    name: snappy-framing
    version: 0.1.1
    git: https://github.com/kim/snappy-framing
    pantry-tree:
      size: 651
      sha256: 91a2ac7e0dd161fd82eee3007a6b488e53ad14a5d4e640ffdeba23f4741fbf64
    commit: d99f702c0086729efd6848dea8a01e5266c3a61c
  original:
    git: https://github.com/kim/snappy-framing
    commit: d99f702c0086729efd6848dea8a01e5266c3a61c
- completed:
    cabal-file:
      size: 3722
      sha256: 1509c11cbcc23595f4b9503bac28df4b10cc870cd7869f1859d43a373476d5a8
    name: wai-routing
    version: 0.13.0
    git: https://gitlab.com/twittner/wai-routing
    pantry-tree:
      size: 1020
      sha256: a1aa6c9ff369ee27cfa9d95f20f7d4fa0f239ad80ed45fb6d45ed0c6543eac30
    commit: 7e996a93fec5901767f845a50316b3c18e51a61d
  original:
    git: https://gitlab.com/twittner/wai-routing
    commit: 7e996a93fec5901767f845a50316b3c18e51a61d
- completed:
    cabal-file:
      size: 2490
      sha256: 7cca808c05cb584f1d4c6f60893bd28b0de41f450135bf48b70414a1f547d31f
    name: multihash
    version: 0.1.6
    git: https://github.com/wireapp/haskell-multihash.git
    pantry-tree:
      size: 602
      sha256: 8ad8afc9e9bce4830304eff1e0c1c96fc878b1aad9c55896b4cfc256dba0688c
    commit: 300a6f46384bfca33e545c8bab52ef3717452d12
  original:
    git: https://github.com/wireapp/haskell-multihash.git
    commit: 300a6f46384bfca33e545c8bab52ef3717452d12
- completed:
    cabal-file:
      size: 2289
      sha256: 07c1e684acf4ba1c097fe5dd2525cb887269f7d3335c42783c1f4d2bfdc01283
    name: hspec-wai
    version: 0.9.2
    git: https://github.com/wireapp/hspec-wai
    pantry-tree:
      size: 1829
      sha256: 1da15bc431ded925782e30d299556f7c33ab89fa74e5a519061081616fb9f4d7
    commit: 0a5142cd3ba48116ff059c041348b817fb7bdb25
  original:
    git: https://github.com/wireapp/hspec-wai
    commit: 0a5142cd3ba48116ff059c041348b817fb7bdb25
- completed:
    cabal-file:
      size: 3403
      sha256: 2fd9aef25802bf62848b7087a9476264b50bc7d9f195c7f0012e52d19ed2ebe3
    name: bloodhound
    version: 0.17.0.0
    git: https://github.com/wireapp/bloodhound
    pantry-tree:
      size: 4343
      sha256: f3d35894f570e67a68303e71134a722909151f4de232093375a63b7935a4b761
    commit: 7d3ccf8039912829b26b8e47cc4eaabc98cb571a
  original:
    git: https://github.com/wireapp/bloodhound
    commit: 7d3ccf8039912829b26b8e47cc4eaabc98cb571a
- completed:
    hackage: deriving-aeson-0.2.5@sha256:a1efa4ab7ff94f73e6d2733a9d4414cb4c3526761295722cff28027b5b3da1a4,1277
    pantry-tree:
      size: 441
      sha256: 8fa77245ed0f169fae3a337bf4b9114c44e6bd0cd02ce748998f46c19ef32277
  original:
    hackage: deriving-aeson-0.2.5@sha256:a1efa4ab7ff94f73e6d2733a9d4414cb4c3526761295722cff28027b5b3da1a4,1277
- completed:
    hackage: aeson-1.4.7.1@sha256:6d8d2fd959b7122a1df9389cf4eca30420a053d67289f92cdc0dbc0dab3530ba,7098
    pantry-tree:
      size: 40133
      sha256: caa9306e519c601ab0170d113daa03c1163db53e5466be2968bbd61a771bebcb
  original:
    hackage: aeson-1.4.7.1@sha256:6d8d2fd959b7122a1df9389cf4eca30420a053d67289f92cdc0dbc0dab3530ba,7098
- completed:
    size: 11138812
    subdir: amazonka
    url: https://github.com/wireapp/amazonka/archive/9de5e0e4b2511ec555fb0975581b3087a94c1b4a.tar.gz
    cabal-file:
      size: 3457
      sha256: 7ac360751e371ba853f56d357e861c5fe103b1da17f045ac47fd285c164a37f7
    name: amazonka
    version: 1.6.1
    sha256: b9277a51b60d639fbd91b630f353bf9db305f5759f8e1ee48f0ab026e6b43d00
    pantry-tree:
      size: 1038
      sha256: 59c7840fe6c9609d1d5022149010e72db5778e4978b9384b6dee8a4a207c96b3
  original:
    size: 11138812
    subdir: amazonka
    url: https://github.com/wireapp/amazonka/archive/9de5e0e4b2511ec555fb0975581b3087a94c1b4a.tar.gz
    sha256: b9277a51b60d639fbd91b630f353bf9db305f5759f8e1ee48f0ab026e6b43d00
- completed:
    size: 11138812
    subdir: amazonka-cloudfront
    url: https://github.com/wireapp/amazonka/archive/9de5e0e4b2511ec555fb0975581b3087a94c1b4a.tar.gz
    cabal-file:
      size: 5668
      sha256: 79c95e0ec544437a613cab891a2057bc35f1b0fed2361b36e7f05437839bdce2
    name: amazonka-cloudfront
    version: 1.6.1
    sha256: b9277a51b60d639fbd91b630f353bf9db305f5759f8e1ee48f0ab026e6b43d00
    pantry-tree:
      size: 12839
      sha256: f0f27588c628d9996c298ab035b19999572ad8432ea05526497b608b009b1258
  original:
    size: 11138812
    subdir: amazonka-cloudfront
    url: https://github.com/wireapp/amazonka/archive/9de5e0e4b2511ec555fb0975581b3087a94c1b4a.tar.gz
    sha256: b9277a51b60d639fbd91b630f353bf9db305f5759f8e1ee48f0ab026e6b43d00
- completed:
    size: 11138812
    subdir: amazonka-dynamodb
    url: https://github.com/wireapp/amazonka/archive/9de5e0e4b2511ec555fb0975581b3087a94c1b4a.tar.gz
    cabal-file:
      size: 4459
      sha256: 6b8852049c65207a7b3741aafa3e4e6c77cfa115e05de3c74868218ae642b6b0
    name: amazonka-dynamodb
    version: 1.6.1
    sha256: b9277a51b60d639fbd91b630f353bf9db305f5759f8e1ee48f0ab026e6b43d00
    pantry-tree:
      size: 8379
      sha256: d513775676879e3b2ff8393528882df1670a79110120b65ce6c68765581a2473
  original:
    size: 11138812
    subdir: amazonka-dynamodb
    url: https://github.com/wireapp/amazonka/archive/9de5e0e4b2511ec555fb0975581b3087a94c1b4a.tar.gz
    sha256: b9277a51b60d639fbd91b630f353bf9db305f5759f8e1ee48f0ab026e6b43d00
- completed:
    size: 11138812
    subdir: amazonka-s3
    url: https://github.com/wireapp/amazonka/archive/9de5e0e4b2511ec555fb0975581b3087a94c1b4a.tar.gz
    cabal-file:
      size: 6317
      sha256: 9d07240fca59ad5197fb614ce3051e701e4951e6d4625a2dab4a9c17a1900194
    name: amazonka-s3
    version: 1.6.1
    sha256: b9277a51b60d639fbd91b630f353bf9db305f5759f8e1ee48f0ab026e6b43d00
    pantry-tree:
      size: 18431
      sha256: a19d02da301bbcad502e6092d7418a59543747c8bb6f12932bcbc4606f7814ab
  original:
    size: 11138812
    subdir: amazonka-s3
    url: https://github.com/wireapp/amazonka/archive/9de5e0e4b2511ec555fb0975581b3087a94c1b4a.tar.gz
    sha256: b9277a51b60d639fbd91b630f353bf9db305f5759f8e1ee48f0ab026e6b43d00
- completed:
    size: 11138812
    subdir: amazonka-ses
    url: https://github.com/wireapp/amazonka/archive/9de5e0e4b2511ec555fb0975581b3087a94c1b4a.tar.gz
    cabal-file:
      size: 6425
      sha256: 335796c855121ca34affd35097676587d5ebe0b2e576da42faaedd9d163881b0
    name: amazonka-ses
    version: 1.6.1
    sha256: b9277a51b60d639fbd91b630f353bf9db305f5759f8e1ee48f0ab026e6b43d00
    pantry-tree:
      size: 18197
      sha256: cd9b02c30d7571dc87868b054ed3826d5b8d26b717f3158da6443377e8dfd563
  original:
    size: 11138812
    subdir: amazonka-ses
    url: https://github.com/wireapp/amazonka/archive/9de5e0e4b2511ec555fb0975581b3087a94c1b4a.tar.gz
    sha256: b9277a51b60d639fbd91b630f353bf9db305f5759f8e1ee48f0ab026e6b43d00
- completed:
    size: 11138812
    subdir: amazonka-sns
    url: https://github.com/wireapp/amazonka/archive/9de5e0e4b2511ec555fb0975581b3087a94c1b4a.tar.gz
    cabal-file:
      size: 4271
      sha256: b07fbf8a2806fe775b25ea74d0d78f14f286811e4aa59f9c50e97ed99f2a14a6
    name: amazonka-sns
    version: 1.6.1
    sha256: b9277a51b60d639fbd91b630f353bf9db305f5759f8e1ee48f0ab026e6b43d00
    pantry-tree:
      size: 7905
      sha256: e5a6d407b92e423ccf58d784fe42d4a0598204f65c0e7753569c130428bfb5eb
  original:
    size: 11138812
    subdir: amazonka-sns
    url: https://github.com/wireapp/amazonka/archive/9de5e0e4b2511ec555fb0975581b3087a94c1b4a.tar.gz
    sha256: b9277a51b60d639fbd91b630f353bf9db305f5759f8e1ee48f0ab026e6b43d00
- completed:
    size: 11138812
    subdir: amazonka-sqs
    url: https://github.com/wireapp/amazonka/archive/9de5e0e4b2511ec555fb0975581b3087a94c1b4a.tar.gz
    cabal-file:
      size: 3708
      sha256: 1578844a31a2e53f9f21fd217e14406a3f02aefa637678ef88b201b01fbed492
    name: amazonka-sqs
    version: 1.6.1
    sha256: b9277a51b60d639fbd91b630f353bf9db305f5759f8e1ee48f0ab026e6b43d00
    pantry-tree:
      size: 5351
      sha256: 990b7e4467d557e43959483063f7229f5039857a8cd67decb53f9a5c513db7f8
  original:
    size: 11138812
    subdir: amazonka-sqs
    url: https://github.com/wireapp/amazonka/archive/9de5e0e4b2511ec555fb0975581b3087a94c1b4a.tar.gz
    sha256: b9277a51b60d639fbd91b630f353bf9db305f5759f8e1ee48f0ab026e6b43d00
- completed:
    size: 11138812
    subdir: core
    url: https://github.com/wireapp/amazonka/archive/9de5e0e4b2511ec555fb0975581b3087a94c1b4a.tar.gz
    cabal-file:
      size: 4957
      sha256: 8ff9614130407588370e12e905f3539a733b76f6d9397ed3522ce54fc154d918
    name: amazonka-core
    version: 1.6.1
    sha256: b9277a51b60d639fbd91b630f353bf9db305f5759f8e1ee48f0ab026e6b43d00
    pantry-tree:
      size: 3484
      sha256: d4e427a362d66c9ee0dc0de810015633e43e3953944a84b24cfa2e71bcf0ed4d
  original:
    size: 11138812
    subdir: core
    url: https://github.com/wireapp/amazonka/archive/9de5e0e4b2511ec555fb0975581b3087a94c1b4a.tar.gz
    sha256: b9277a51b60d639fbd91b630f353bf9db305f5759f8e1ee48f0ab026e6b43d00
- completed:
    cabal-file:
      size: 1150
      sha256: bbb1a78c1c8a2fe2a7b46a734f3b60754a86e07f07a1a27d781f121831918289
    name: cryptobox-haskell
    version: 0.1.1
    git: https://github.com/wireapp/cryptobox-haskell
    pantry-tree:
      size: 279
      sha256: 2b1c19494263d1c6f88654b72ff4e0cc3b54a02cc81f8587899336e99c8a662f
    commit: 7546a1a25635ef65183e3d44c1052285e8401608
  original:
    git: https://github.com/wireapp/cryptobox-haskell
    commit: 7546a1a25635ef65183e3d44c1052285e8401608
- completed:
    cabal-file:
      size: 3593
      sha256: 1f822adc38dcba267caa05c4f1405f92c60a340ea17c4fbbf92934e71ccf4809
    name: hsaml2
    version: '0.1'
    git: https://github.com/wireapp/hsaml2
    pantry-tree:
      size: 3918
      sha256: a90ad3e25ab6ba579ea4d347c8734f92f73e323303c91d53729ddc8784774f72
    commit: fe08618e81dee9b7a25f10f5b9d26d1ff1837c79
  original:
    git: https://github.com/wireapp/hsaml2
    commit: fe08618e81dee9b7a25f10f5b9d26d1ff1837c79
- completed:
    subdir: http-client
    cabal-file:
      size: 5350
      sha256: 868faa3479fa330ac6eb897e6888296a32f10a249d2d91ece5ab2add9f0c24d4
    name: http-client
    version: 0.7.0
    git: https://github.com/wireapp/http-client
    pantry-tree:
      size: 3129
      sha256: 355d13d4b018ab32ad3ba1b88d8d183c4f673efb3a8109d3b0260776b2473ec0
    commit: 9100baeddbd15d93dc58a826ae812dafff29d5fd
  original:
    subdir: http-client
    git: https://github.com/wireapp/http-client
    commit: 9100baeddbd15d93dc58a826ae812dafff29d5fd
- completed:
    subdir: http-client-openssl
    cabal-file:
      size: 1494
      sha256: 423d74b93d5b2a79991340da8d2cd8fccd496fb470483bad8c73857200509e4e
    name: http-client-openssl
    version: 0.3.1.0
    git: https://github.com/wireapp/http-client
    pantry-tree:
      size: 387
      sha256: c9265105d25badaa471e8d3d0eb493ebcba3ce17b4d430d2db70b6a0a4f90821
    commit: 9100baeddbd15d93dc58a826ae812dafff29d5fd
  original:
    subdir: http-client-openssl
    git: https://github.com/wireapp/http-client
    commit: 9100baeddbd15d93dc58a826ae812dafff29d5fd
- completed:
    subdir: http-client-tls
    cabal-file:
      size: 2041
      sha256: 1043cb22bc772acdc5176b3db88ea74ae299a658d03aa7d4027f970328487f4c
    name: http-client-tls
    version: 0.3.5.3
    git: https://github.com/wireapp/http-client
    pantry-tree:
      size: 435
      sha256: 13722b74ba7edde9163e5c194af168fc98c4dc419c37fd42fada45f5a89d2042
    commit: 9100baeddbd15d93dc58a826ae812dafff29d5fd
  original:
    subdir: http-client-tls
    git: https://github.com/wireapp/http-client
    commit: 9100baeddbd15d93dc58a826ae812dafff29d5fd
- completed:
    subdir: http-conduit
    cabal-file:
      size: 2910
      sha256: 4e0024c25cb1a6c5a20b687201c78a7a2c781a582f669d0f88125d113e65c326
    name: http-conduit
    version: 2.3.7.3
    git: https://github.com/wireapp/http-client
    pantry-tree:
      size: 1074
      sha256: ec54f41b6997eabc01aa5e65a584bf37a39efb57a9eaad8f1e8005137f32c625
    commit: 9100baeddbd15d93dc58a826ae812dafff29d5fd
  original:
    subdir: http-conduit
    git: https://github.com/wireapp/http-client
    commit: 9100baeddbd15d93dc58a826ae812dafff29d5fd
- completed:
    hackage: template-0.2.0.10@sha256:f822de4d34c45bc84b33a61bc112c15fedee6fa6dc414c62b10456395a868f85,987
    pantry-tree:
      size: 339
      sha256: e9829c39501915bc47fda35069207b7a839f9fb929b81946e151e0dda8a7fda1
  original:
    hackage: template-0.2.0.10
- completed:
    hackage: HaskellNet-0.5.1@sha256:53f2cfffb140740691296f905a70143c859b571eea3f5cf5f7a4642851d9e38a,1584
    pantry-tree:
      size: 1437
      sha256: e0806ea13b946dfc785bf9580e126cfcb8d3c6f21e1fbe313374745c3a8a8b99
  original:
    hackage: HaskellNet-0.5.1
- completed:
    hackage: HaskellNet-SSL-0.3.4.1@sha256:3ca14dd69460a380cf69aed40654fb10c4c03e344632b6a9986568c87feda157,1843
    pantry-tree:
      size: 577
      sha256: 33fbfd0d8bbaa689f0169d442861dafcdcd4fe795a4b42aa0bedbfa41aa65b23
  original:
    hackage: HaskellNet-SSL-0.3.4.1
- completed:
    hackage: snappy-0.2.0.2@sha256:2931b03c5fdab2dac8d7eadb3be2f4ef8906666e43f1f1db65a06efd57ea701b,1591
    pantry-tree:
      size: 709
      sha256: cd05c6ddfbbd3969adab3869d38d161e5ec8e72b1a72e00ca08f5e39538368cf
  original:
    hackage: snappy-0.2.0.2
- completed:
    hackage: smtp-mail-0.2.0.0@sha256:b91c81f6dbb41a9ceee8c443385118684ecec55006b77f7d3c0e49cffd2468cf,1211
    pantry-tree:
      size: 449
      sha256: 413c4c7e7c7573c8bf906c136a282aebfe37ecc25492ff4b5ec8c69ff8d190fe
  original:
    hackage: smtp-mail-0.2.0.0
- completed:
    hackage: stm-containers-1.1.0.4@sha256:f83a683357b6e3b1dda3e70d2077a37224ed534df1f74c4e11f3f6daa7945c5b,3248
    pantry-tree:
      size: 761
      sha256: 059c5a2d657d392aca0a887648f57380d6321734dc8879c056a44d4414308ac6
  original:
    hackage: stm-containers-1.1.0.4
- completed:
    hackage: redis-io-1.0.0@sha256:8885d41408ec7305d7503e21bd3f334fb02fb2367d26b9998d8a6fcbccf8339b,2734
    pantry-tree:
      size: 855
      sha256: ed28c921459e22410513f00d97c9915bcba7f7b083a8b80d067fc5c5114a9db1
  original:
    hackage: redis-io-1.0.0
- completed:
    hackage: redis-resp-1.0.0@sha256:c134ac23e79d57071fdc8559e2b2e72280ea11786a8ba4118c10ed506dc7d991,1615
    pantry-tree:
      size: 441
      sha256: c63020c2f2ca4f92c4747959a2e89e84bdd929d1ea1458c75552ee3f7aaa00fc
  original:
    hackage: redis-resp-1.0.0
- completed:
    hackage: hedgehog-quickcheck-0.1.1@sha256:7f4d4197d65314b0117857ff7e530d84f456b124e93024952bf9b01d8c1cc1b2,1552
    pantry-tree:
      size: 407
      sha256: 2052d8dae458f1832b598a8de139eb91dfb23432a52fec16e9d48f90909fdc17
  original:
    hackage: hedgehog-quickcheck-0.1.1
- completed:
    hackage: stm-hamt-1.2.0.4@sha256:7957497c022554b7599e790696d1a3e56359ad99e5da36a251894c626ca1f60a,3970
    pantry-tree:
      size: 1009
      sha256: d9a8be48da86bd4a2ba9d52ea29b9a74f1b686d439ba1bbfba04ab1a002391da
  original:
    hackage: stm-hamt-1.2.0.4
- completed:
    hackage: optics-th-0.2@sha256:b4f6c5a3f134c697837190ed6da969dd284aefe79e43c3ef793093b607bb83b9,1929
    pantry-tree:
      size: 653
      sha256: f6b5caed956d3761b35769ac518d3f0f407449dafe33154992386f02d9489bad
  original:
    hackage: optics-th-0.2
- completed:
    hackage: primitive-unlifted-0.1.2.0@sha256:9c3df73af54ed19fb3f4874da19334863cc414b22e578e27b5f52beeac4a60dd,1360
    pantry-tree:
      size: 420
      sha256: cc6ffb1b48aa3f514c107f5188d5d5beb4e61a4232a81be7025b54f9be66a837
  original:
    hackage: primitive-unlifted-0.1.2.0
- completed:
    hackage: currency-codes-3.0.0.1@sha256:a4b24669dd91e805b11d9eb267becd0ba6d726927e535e03d5f3f368f44c1cf4,2902
    pantry-tree:
      size: 548
      sha256: 9802924b7472c67d93312eedbbb49ab250b9651101b27668133b9f5d15dbca78
  original:
    hackage: currency-codes-3.0.0.1
- completed:
    hackage: mime-0.4.0.2@sha256:208947d9d1a19d08850be67ecb28c6e776db697f3bba05bd9d682e51a59f241f,983
    pantry-tree:
      size: 565
      sha256: f2529a2e1678074ca0340ff60caa986f4e246d7d9abe8186657910c2900364bb
  original:
    hackage: mime-0.4.0.2
- completed:
    hackage: data-timeout-0.3.1@sha256:80830a56fcb562b06ede4203de3a80a17d359c40311624f9e4f72b425a5294db,1313
    pantry-tree:
      size: 416
      sha256: d073a04c7c660d564e0f52baa0aad68006e992050f358f18fab6c6d9c2859d2f
  original:
    hackage: data-timeout-0.3.1
- completed:
    hackage: geoip2-0.4.0.1@sha256:cee67aa8da78686c5e5e37f0e92502218ed7c6b2200a121dc4fb4060c703fa37,1316
    pantry-tree:
      size: 433
      sha256: 364b9ff8d4a85b1265b70f83e7ab81eb1f94c752aa32416de19e739ca6bb8a05
  original:
    hackage: geoip2-0.4.0.1
- completed:
    hackage: stomp-queue-0.3.1@sha256:0f4ced5b67107d4dc06498985058236505470ca742dbfe5c6af0534d67ace9b5,2186
    pantry-tree:
      size: 686
      sha256: 29ffec14af759c9244c559dd54b7fcd13d3b054b0aea21d753d80fb3064720a5
  original:
    hackage: stomp-queue-0.3.1
- completed:
    hackage: text-icu-translit-0.1.0.7@sha256:c8eaaee3331417a250365474067b7cb0f196ebabd04b3fe834c4e2b5a212b5ce,1723
    pantry-tree:
      size: 542
      sha256: 74233c36098c69ffdeac6fdf578ddf77c6308f6dda900b8c038a3b652768f253
  original:
    hackage: text-icu-translit-0.1.0.7
- completed:
    hackage: wai-middleware-gunzip-0.0.2@sha256:03ad25dd0faf55e20087e7d8456e60188d1b8fe5d6572b73f31cbab8157f57bb,1211
    pantry-tree:
      size: 298
      sha256: 9ca3f095e65532b408abde50bbb6c6aa5cb58de9c7918ba775fc7873521a790b
  original:
    hackage: wai-middleware-gunzip-0.0.2
- completed:
    hackage: cql-io-tinylog-0.1.0@sha256:8a5abaa6ca0dbf061cc092d5c04a473d5c3d0aa3905f2f10fecb478962d4c11b,663
    pantry-tree:
      size: 232
      sha256: c6d7b32126a059dec2b56f529a6ff1f493c3f887e1555793486568399b813e49
  original:
    hackage: cql-io-tinylog-0.1.0
- completed:
    hackage: invertible-hxt-0.1@sha256:8495092e94f6a7eebbdf980a8ccd3684f2078b02b2faf4b4822b1202ee42dae9,865
    pantry-tree:
      size: 195
      sha256: da65a22968a2fecc17f42e66f1f3d0d2f341e4af50bf496c6c0fe84c0907f756
  original:
    hackage: invertible-hxt-0.1
- completed:
    hackage: base58-bytestring-0.1.0@sha256:a1da72ee89d5450bac1c792d9fcbe95ed7154ab7246f2172b57bd4fd9b5eab79,1913
    pantry-tree:
      size: 419
      sha256: 053784f8edef6433518c873a7c502dc75348f812e2384e1306f90467ea54f40b
  original:
    hackage: base58-bytestring-0.1.0
- completed:
    hackage: stompl-0.5.0@sha256:58a43198bc24a2332aecec65bc5de3ccb4fe93e470e217b892cd87545240e4ce,1895
    pantry-tree:
      size: 357
      sha256: f4d7a11d9ee71ea0c5504aea227105a7528d41a26972d35f813bb82ab7dc0321
  original:
    hackage: stompl-0.5.0
- completed:
    hackage: pattern-trie-0.1.0@sha256:2ef9ad9a630f07e8e8c9a6689e47d7600b5ca3ebc7fe060d31bb687b1f122eed,2346
    pantry-tree:
      size: 632
      sha256: 9cf57bcb24b5da4d9ab314750810dce6c28ae082348e0afd60bdb12afdeeca6f
  original:
    hackage: pattern-trie-0.1.0
- completed:
    hackage: wai-route-0.4.0@sha256:ee52f13d2945e4a56147e91e515e184f840654f2e3d9071c73bec3d8aa1f4444,2119
    pantry-tree:
      size: 566
      sha256: d98288879d370d53e741f0dafaad96de2a58f84556ce4a835322d4029e529b9d
  original:
    hackage: wai-route-0.4.0
- completed:
    hackage: QuickCheck-2.14@sha256:3f536a4b86bef7ec39025f04ef8d76c5ac5a78ba0b42e660b25d0a8f9c811045,7004
    pantry-tree:
      size: 2203
      sha256: 7067593c50ff2e5e83c637ac73009f4bd8f43c29ff256e976bbb14674033abe9
  original:
    hackage: QuickCheck-2.14
- completed:
    hackage: splitmix-0.0.4@sha256:fb9bb8b54a2e76c8a021fe5c4c3798047e1f60e168379a1f80693047fe00ad0e,4813
    pantry-tree:
      size: 872
      sha256: e58892088b95190bfb59a7c0803f7ef65338e57fc9b938d7c166563605003902
  original:
    hackage: splitmix-0.0.4
- completed:
    hackage: ormolu-0.1.2.0@sha256:24e6512750576978b6f045c1e53a7aad28ab61960f738a3c74fb0bc2beaf4030,6237
    pantry-tree:
      size: 71915
      sha256: 5a857d9bf0e9579ee4daacfb63b4665cdf9e0a0de31d8e0715a27836007e9c42
  original:
    hackage: ormolu-0.1.2.0
- completed:
    hackage: ghc-lib-parser-8.10.1.20200412@sha256:b0517bb150a02957d7180f131f5b94abd2a7f58a7d1532a012e71618282339c2,8751
    pantry-tree:
      size: 19497
      sha256: b11275740480138dd1fce4a22a2aa8835cddfecaa8da58a153f130b4575f9df5
  original:
    hackage: ghc-lib-parser-8.10.1.20200412@sha256:b0517bb150a02957d7180f131f5b94abd2a7f58a7d1532a012e71618282339c2,8751
- completed:
    hackage: headroom-0.2.1.0@sha256:084b72a071454516bff30c3f50e4f671fb12ee062602693ad5ffcafdea5fab99,8140
    pantry-tree:
      size: 9195
      sha256: 11d2ac77cee54cc1f222e574e4126189fe5b60a47a1aedbafc2ab0de709b29c6
  original:
    hackage: headroom-0.2.1.0
snapshots:
- completed:
    size: 524996
    url: https://raw.githubusercontent.com/commercialhaskell/stackage-snapshots/master/lts/14/27.yaml
    sha256: 7ea31a280c56bf36ff591a7397cc384d0dff622e7f9e4225b47d8980f019a0f0
  original: lts-14.27
