# This file is automatically @generated by Cargo.
# It is not intended for manual editing.
version = 3

[[package]]
name = "asexp"
version = "0.3.2"
source = "registry+https://github.com/rust-lang/crates.io-index"
checksum = "5e368761ce758947307f1c2db1f46077b1aabb5af7f268b6cededd1b52802652"

[[package]]
name = "libc"
version = "0.2.124"
source = "registry+https://github.com/rust-lang/crates.io-index"
checksum = "21a41fed9d98f27ab1c6d161da622a4fa35e8a54a8adc24bbf3ddd0ef70b0e50"

[[package]]
name = "libsodium-sys"
version = "0.0.16"
source = "registry+https://github.com/rust-lang/crates.io-index"
checksum = "fcbd1beeed8d44caa8a669ebaa697c313976e242c03cc9fb23d88bf1656f5542"
dependencies = [
 "libc",
 "pkg-config",
]

[[package]]
name = "pkg-config"
version = "0.3.25"
source = "registry+https://github.com/rust-lang/crates.io-index"
checksum = "1df8c4ec4b0627e53bdf214615ad287367e482558cf84b109250b37464dc03ae"

[[package]]
name = "rustc-serialize"
version = "0.3.24"
source = "registry+https://github.com/rust-lang/crates.io-index"
checksum = "dcf128d1287d2ea9d80910b5f1120d0b8eede3fbf1abe91c40d39ea7d51e6fda"

[[package]]
name = "serde"
version = "1.0.136"
source = "registry+https://github.com/rust-lang/crates.io-index"
checksum = "ce31e24b01e1e524df96f1c2fdd054405f8d7376249a5110886fb4b658484789"

[[package]]
name = "sodiumoxide"
version = "0.0.16"
source = "registry+https://github.com/rust-lang/crates.io-index"
checksum = "eb5cb2f14f9a51352ad65e59257a0a9459d5a36a3615f3d53a974c82fdaaa00a"
dependencies = [
 "libc",
 "libsodium-sys",
 "serde",
]

[[package]]
name = "zauth"
version = "3.0.0"
dependencies = [
 "asexp",
 "rustc-serialize",
 "sodiumoxide",
]

[[package]]
name = "zauth-c"
version = "3.0.0"
dependencies = [
 "libc",
 "zauth",
]
